// !$*UTF8*$!
{
	archiveVersion = 1;
	classes = {
	};
	objectVersion = 50;
	objects = {

/* Begin PBXBuildFile section */
		A117B9EC23255F1700D285FB /* AppDelegate.m in Sources */ = {isa = PBXBuildFile; fileRef = A117B9EB23255F1700D285FB /* AppDelegate.m */; };
		A117B9EF23255F1700D285FB /* ViewController.m in Sources */ = {isa = PBXBuildFile; fileRef = A117B9EE23255F1700D285FB /* ViewController.m */; };
		A117B9F223255F1700D285FB /* Main.storyboard in Resources */ = {isa = PBXBuildFile; fileRef = A117B9F023255F1700D285FB /* Main.storyboard */; };
		A117B9F423255F1900D285FB /* Assets.xcassets in Resources */ = {isa = PBXBuildFile; fileRef = A117B9F323255F1900D285FB /* Assets.xcassets */; };
		A117B9F723255F1900D285FB /* LaunchScreen.storyboard in Resources */ = {isa = PBXBuildFile; fileRef = A117B9F523255F1900D285FB /* LaunchScreen.storyboard */; };
		A117B9FA23255F1900D285FB /* main.m in Sources */ = {isa = PBXBuildFile; fileRef = A117B9F923255F1900D285FB /* main.m */; };
/* End PBXBuildFile section */

/* Begin PBXFileReference section */
		A117B9E723255F1700D285FB /* SDaccount.app */ = {isa = PBXFileReference; explicitFileType = wrapper.application; includeInIndex = 0; path = SDaccount.app; sourceTree = BUILT_PRODUCTS_DIR; };
		A117B9EA23255F1700D285FB /* AppDelegate.h */ = {isa = PBXFileReference; lastKnownFileType = sourcecode.c.h; path = AppDelegate.h; sourceTree = "<group>"; };
		A117B9EB23255F1700D285FB /* AppDelegate.m */ = {isa = PBXFileReference; lastKnownFileType = sourcecode.c.objc; path = AppDelegate.m; sourceTree = "<group>"; };
		A117B9ED23255F1700D285FB /* ViewController.h */ = {isa = PBXFileReference; lastKnownFileType = sourcecode.c.h; path = ViewController.h; sourceTree = "<group>"; };
		A117B9EE23255F1700D285FB /* ViewController.m */ = {isa = PBXFileReference; lastKnownFileType = sourcecode.c.objc; path = ViewController.m; sourceTree = "<group>"; };
		A117B9F123255F1700D285FB /* Base */ = {isa = PBXFileReference; lastKnownFileType = file.storyboard; name = Base; path = Base.lproj/Main.storyboard; sourceTree = "<group>"; };
		A117B9F323255F1900D285FB /* Assets.xcassets */ = {isa = PBXFileReference; lastKnownFileType = folder.assetcatalog; path = Assets.xcassets; sourceTree = "<group>"; };
		A117B9F623255F1900D285FB /* Base */ = {isa = PBXFileReference; lastKnownFileType = file.storyboard; name = Base; path = Base.lproj/LaunchScreen.storyboard; sourceTree = "<group>"; };
		A117B9F823255F1900D285FB /* Info.plist */ = {isa = PBXFileReference; lastKnownFileType = text.plist.xml; path = Info.plist; sourceTree = "<group>"; };
		A117B9F923255F1900D285FB /* main.m */ = {isa = PBXFileReference; lastKnownFileType = sourcecode.c.objc; path = main.m; sourceTree = "<group>"; };
/* End PBXFileReference section */

/* Begin PBXFrameworksBuildPhase section */
		A117B9E423255F1700D285FB /* Frameworks */ = {
			isa = PBXFrameworksBuildPhase;
			buildActionMask = 2147483647;
			files = (
			);
			runOnlyForDeploymentPostprocessing = 0;
		};
/* End PBXFrameworksBuildPhase section */

/* Begin PBXGroup section */
		A117B9DE23255F1700D285FB = {
			isa = PBXGroup;
			children = (
				A117B9E923255F1700D285FB /* SDaccount */,
				A117B9E823255F1700D285FB /* Products */,
			);
			sourceTree = "<group>";
		};
		A117B9E823255F1700D285FB /* Products */ = {
			isa = PBXGroup;
			children = (
				A117B9E723255F1700D285FB /* SDaccount.app */,
			);
			name = Products;
			sourceTree = "<group>";
		};
		A117B9E923255F1700D285FB /* SDaccount */ = {
			isa = PBXGroup;
			children = (
				A117B9EA23255F1700D285FB /* AppDelegate.h */,
				A117B9EB23255F1700D285FB /* AppDelegate.m */,
				A117B9ED23255F1700D285FB /* ViewController.h */,
				A117B9EE23255F1700D285FB /* ViewController.m */,
				A117B9F023255F1700D285FB /* Main.storyboard */,
				A117B9F323255F1900D285FB /* Assets.xcassets */,
				A117B9F523255F1900D285FB /* LaunchScreen.storyboard */,
				A117B9F823255F1900D285FB /* Info.plist */,
				A117B9F923255F1900D285FB /* main.m */,
			);
			path = SDaccount;
			sourceTree = "<group>";
		};
/* End PBXGroup section */

/* Begin PBXNativeTarget section */
		A117B9E623255F1700D285FB /* SDaccount */ = {
			isa = PBXNativeTarget;
			buildConfigurationList = A117B9FD23255F1900D285FB /* Build configuration list for PBXNativeTarget "SDaccount" */;
			buildPhases = (
				A117B9E323255F1700D285FB /* Sources */,
				A117B9E423255F1700D285FB /* Frameworks */,
				A117B9E523255F1700D285FB /* Resources */,
			);
			buildRules = (
			);
			dependencies = (
			);
			name = SDaccount;
			productName = SDaccount;
			productReference = A117B9E723255F1700D285FB /* SDaccount.app */;
			productType = "com.apple.product-type.application";
		};
/* End PBXNativeTarget section */

/* Begin PBXProject section */
		A117B9DF23255F1700D285FB /* Project object */ = {
			isa = PBXProject;
			attributes = {
				LastUpgradeCheck = 1030;
				ORGANIZATIONNAME = PacmanSun;
				TargetAttributes = {
					A117B9E623255F1700D285FB = {
						CreatedOnToolsVersion = 10.3;
					};
				};
			};
			buildConfigurationList = A117B9E223255F1700D285FB /* Build configuration list for PBXProject "SDaccount" */;
			compatibilityVersion = "Xcode 9.3";
			developmentRegion = en;
			hasScannedForEncodings = 0;
			knownRegions = (
				en,
				Base,
			);
			mainGroup = A117B9DE23255F1700D285FB;
			productRefGroup = A117B9E823255F1700D285FB /* Products */;
			projectDirPath = "";
			projectRoot = "";
			targets = (
				A117B9E623255F1700D285FB /* SDaccount */,
			);
		};
/* End PBXProject section */

/* Begin PBXResourcesBuildPhase section */
		A117B9E523255F1700D285FB /* Resources */ = {
			isa = PBXResourcesBuildPhase;
			buildActionMask = 2147483647;
			files = (
				A117B9F723255F1900D285FB /* LaunchScreen.storyboard in Resources */,
				A117B9F423255F1900D285FB /* Assets.xcassets in Resources */,
				A117B9F223255F1700D285FB /* Main.storyboard in Resources */,
			);
			runOnlyForDeploymentPostprocessing = 0;
		};
/* End PBXResourcesBuildPhase section */

/* Begin PBXSourcesBuildPhase section */
		A117B9E323255F1700D285FB /* Sources */ = {
			isa = PBXSourcesBuildPhase;
			buildActionMask = 2147483647;
			files = (
				A117B9EF23255F1700D285FB /* ViewController.m in Sources */,
				A117B9FA23255F1900D285FB /* main.m in Sources */,
				A117B9EC23255F1700D285FB /* AppDelegate.m in Sources */,
			);
			runOnlyForDeploymentPostprocessing = 0;
		};
/* End PBXSourcesBuildPhase section */

/* Begin PBXVariantGroup section */
		A117B9F023255F1700D285FB /* Main.storyboard */ = {
			isa = PBXVariantGroup;
			children = (
				A117B9F123255F1700D285FB /* Base */,
			);
			name = Main.storyboard;
			sourceTree = "<group>";
		};
		A117B9F523255F1900D285FB /* LaunchScreen.storyboard */ = {
			isa = PBXVariantGroup;
			children = (
				A117B9F623255F1900D285FB /* Base */,
			);
			name = LaunchScreen.storyboard;
			sourceTree = "<group>";
		};
/* End PBXVariantGroup section */

/* Begin XCBuildConfiguration section */
		A117B9FB23255F1900D285FB /* Debug */ = {
			isa = XCBuildConfiguration;
			buildSettings = {
				ALWAYS_SEARCH_USER_PATHS = NO;
				CLANG_ANALYZER_NONNULL = YES;
				CLANG_ANALYZER_NUMBER_OBJECT_CONVERSION = YES_AGGRESSIVE;
				CLANG_CXX_LANGUAGE_STANDARD = "gnu++14";
				CLANG_CXX_LIBRARY = "libc++";
				CLANG_ENABLE_MODULES = YES;
				CLANG_ENABLE_OBJC_ARC = YES;
				CLANG_ENABLE_OBJC_WEAK = YES;
				CLANG_WARN_BLOCK_CAPTURE_AUTORELEASING = YES;
				CLANG_WARN_BOOL_CONVERSION = YES;
				CLANG_WARN_COMMA = YES;
				CLANG_WARN_CONSTANT_CONVERSION = YES;
				CLANG_WARN_DEPRECATED_OBJC_IMPLEMENTATIONS = YES;
				CLANG_WARN_DIRECT_OBJC_ISA_USAGE = YES_ERROR;
				CLANG_WARN_DOCUMENTATION_COMMENTS = YES;
				CLANG_WARN_EMPTY_BODY = YES;
				CLANG_WARN_ENUM_CONVERSION = YES;
				CLANG_WARN_INFINITE_RECURSION = YES;
				CLANG_WARN_INT_CONVERSION = YES;
				CLANG_WARN_NON_LITERAL_NULL_CONVERSION = YES;
				CLANG_WARN_OBJC_IMPLICIT_RETAIN_SELF = YES;
				CLANG_WARN_OBJC_LITERAL_CONVERSION = YES;
				CLANG_WARN_OBJC_ROOT_CLASS = YES_ERROR;
				CLANG_WARN_RANGE_LOOP_ANALYSIS = YES;
				CLANG_WARN_STRICT_PROTOTYPES = YES;
				CLANG_WARN_SUSPICIOUS_MOVE = YES;
				CLANG_WARN_UNGUARDED_AVAILABILITY = YES_AGGRESSIVE;
				CLANG_WARN_UNREACHABLE_CODE = YES;
				CLANG_WARN__DUPLICATE_METHOD_MATCH = YES;
				CODE_SIGN_IDENTITY = "iPhone Developer";
				COPY_PHASE_STRIP = NO;
				DEBUG_INFORMATION_FORMAT = dwarf;
				ENABLE_STRICT_OBJC_MSGSEND = YES;
				ENABLE_TESTABILITY = YES;
				GCC_C_LANGUAGE_STANDARD = gnu11;
				GCC_DYNAMIC_NO_PIC = NO;
				GCC_NO_COMMON_BLOCKS = YES;
				GCC_OPTIMIZATION_LEVEL = 0;
				GCC_PREPROCESSOR_DEFINITIONS = (
					"DEBUG=1",
					"$(inherited)",
				);
				GCC_WARN_64_TO_32_BIT_CONVERSION = YES;
				GCC_WARN_ABOUT_RETURN_TYPE = YES_ERROR;
				GCC_WARN_UNDECLARED_SELECTOR = YES;
				GCC_WARN_UNINITIALIZED_AUTOS = YES_AGGRESSIVE;
				GCC_WARN_UNUSED_FUNCTION = YES;
				GCC_WARN_UNUSED_VARIABLE = YES;
				IPHONEOS_DEPLOYMENT_TARGET = 12.4;
				MTL_ENABLE_DEBUG_INFO = INCLUDE_SOURCE;
				MTL_FAST_MATH = YES;
				ONLY_ACTIVE_ARCH = YES;
				SDKROOT = iphoneos;
			};
			name = Debug;
		};
		A117B9FC23255F1900D285FB /* Release */ = {
			isa = XCBuildConfiguration;
			buildSettings = {
				ALWAYS_SEARCH_USER_PATHS = NO;
				CLANG_ANALYZER_NONNULL = YES;
				CLANG_ANALYZER_NUMBER_OBJECT_CONVERSION = YES_AGGRESSIVE;
				CLANG_CXX_LANGUAGE_STANDARD = "gnu++14";
				CLANG_CXX_LIBRARY = "libc++";
				CLANG_ENABLE_MODULES = YES;
				CLANG_ENABLE_OBJC_ARC = YES;
				CLANG_ENABLE_OBJC_WEAK = YES;
				CLANG_WARN_BLOCK_CAPTURE_AUTORELEASING = YES;
				CLANG_WARN_BOOL_CONVERSION = YES;
				CLANG_WARN_COMMA = YES;
				CLANG_WARN_CONSTANT_CONVERSION = YES;
				CLANG_WARN_DEPRECATED_OBJC_IMPLEMENTATIONS = YES;
				CLANG_WARN_DIRECT_OBJC_ISA_USAGE = YES_ERROR;
				CLANG_WARN_DOCUMENTATION_COMMENTS = YES;
				CLANG_WARN_EMPTY_BODY = YES;
				CLANG_WARN_ENUM_CONVERSION = YES;
				CLANG_WARN_INFINITE_RECURSION = YES;
				CLANG_WARN_INT_CONVERSION = YES;
				CLANG_WARN_NON_LITERAL_NULL_CONVERSION = YES;
				CLANG_WARN_OBJC_IMPLICIT_RETAIN_SELF = YES;
				CLANG_WARN_OBJC_LITERAL_CONVERSION = YES;
				CLANG_WARN_OBJC_ROOT_CLASS = YES_ERROR;
				CLANG_WARN_RANGE_LOOP_ANALYSIS = YES;
				CLANG_WARN_STRICT_PROTOTYPES = YES;
				CLANG_WARN_SUSPICIOUS_MOVE = YES;
				CLANG_WARN_UNGUARDED_AVAILABILITY = YES_AGGRESSIVE;
				CLANG_WARN_UNREACHABLE_CODE = YES;
				CLANG_WARN__DUPLICATE_METHOD_MATCH = YES;
				CODE_SIGN_IDENTITY = "iPhone Developer";
				COPY_PHASE_STRIP = NO;
				DEBUG_INFORMATION_FORMAT = "dwarf-with-dsym";
				ENABLE_NS_ASSERTIONS = NO;
				ENABLE_STRICT_OBJC_MSGSEND = YES;
				GCC_C_LANGUAGE_STANDARD = gnu11;
				GCC_NO_COMMON_BLOCKS = YES;
				GCC_WARN_64_TO_32_BIT_CONVERSION = YES;
				GCC_WARN_ABOUT_RETURN_TYPE = YES_ERROR;
				GCC_WARN_UNDECLARED_SELECTOR = YES;
				GCC_WARN_UNINITIALIZED_AUTOS = YES_AGGRESSIVE;
				GCC_WARN_UNUSED_FUNCTION = YES;
				GCC_WARN_UNUSED_VARIABLE = YES;
				IPHONEOS_DEPLOYMENT_TARGET = 12.4;
				MTL_ENABLE_DEBUG_INFO = NO;
				MTL_FAST_MATH = YES;
				SDKROOT = iphoneos;
				VALIDATE_PRODUCT = YES;
			};
			name = Release;
		};
		A117B9FE23255F1900D285FB /* Debug */ = {
			isa = XCBuildConfiguration;
			buildSettings = {
				ASSETCATALOG_COMPILER_APPICON_NAME = AppIcon;
				CODE_SIGN_STYLE = Automatic;
				DEVELOPMENT_TEAM = C4X35KSX5P;
				INFOPLIST_FILE = SDaccount/Info.plist;
				LD_RUNPATH_SEARCH_PATHS = (
					"$(inherited)",
					"@executable_path/Frameworks",
				);
				PRODUCT_BUNDLE_IDENTIFIER = com.github.PacmanSun.SDaccount;
				PRODUCT_NAME = "$(TARGET_NAME)";
				TARGETED_DEVICE_FAMILY = "1,2";
			};
			name = Debug;
		};
		A117B9FF23255F1900D285FB /* Release */ = {
			isa = XCBuildConfiguration;
			buildSettings = {
				ASSETCATALOG_COMPILER_APPICON_NAME = AppIcon;
				CODE_SIGN_STYLE = Automatic;
				DEVELOPMENT_TEAM = C4X35KSX5P;
				INFOPLIST_FILE = SDaccount/Info.plist;
				LD_RUNPATH_SEARCH_PATHS = (
					"$(inherited)",
					"@executable_path/Frameworks",
				);
				PRODUCT_BUNDLE_IDENTIFIER = com.github.PacmanSun.SDaccount;
				PRODUCT_NAME = "$(TARGET_NAME)";
				TARGETED_DEVICE_FAMILY = "1,2";
			};
			name = Release;
		};
/* End XCBuildConfiguration section */

/* Begin XCConfigurationList section */
		A117B9E223255F1700D285FB /* Build configuration list for PBXProject "SDaccount" */ = {
			isa = XCConfigurationList;
			buildConfigurations = (
				A117B9FB23255F1900D285FB /* Debug */,
				A117B9FC23255F1900D285FB /* Release */,
			);
			defaultConfigurationIsVisible = 0;
			defaultConfigurationName = Release;
		};
		A117B9FD23255F1900D285FB /* Build configuration list for PBXNativeTarget "SDaccount" */ = {
			isa = XCConfigurationList;
			buildConfigurations = (
				A117B9FE23255F1900D285FB /* Debug */,
				A117B9FF23255F1900D285FB /* Release */,
			);
			defaultConfigurationIsVisible = 0;
			defaultConfigurationName = Release;
		};
/* End XCConfigurationList section */
	};
	rootObject = A117B9DF23255F1700D285FB /* Project object */;
}
