// !$*UTF8*$!
{
	archiveVersion = 1;
	classes = {
	};
	objectVersion = 50;
	objects = {

/* Begin PBXBuildFile section */
		A11060E623275650003F500D /* SDNaviController.m in Sources */ = {isa = PBXBuildFile; fileRef = A11060E523275650003F500D /* SDNaviController.m */; };
		A11060E9232759BF003F500D /* SDWebViewController.m in Sources */ = {isa = PBXBuildFile; fileRef = A11060E8232759BF003F500D /* SDWebViewController.m */; };
		A117B9EC23255F1700D285FB /* AppDelegate.m in Sources */ = {isa = PBXBuildFile; fileRef = A117B9EB23255F1700D285FB /* AppDelegate.m */; };
		A117B9F423255F1900D285FB /* Assets.xcassets in Resources */ = {isa = PBXBuildFile; fileRef = A117B9F323255F1900D285FB /* Assets.xcassets */; };
		A117B9F723255F1900D285FB /* LaunchScreen.storyboard in Resources */ = {isa = PBXBuildFile; fileRef = A117B9F523255F1900D285FB /* LaunchScreen.storyboard */; };
		A117B9FA23255F1900D285FB /* main.m in Sources */ = {isa = PBXBuildFile; fileRef = A117B9F923255F1900D285FB /* main.m */; };
		A117BA3E2325778D00D285FB /* Podfile in Resources */ = {isa = PBXBuildFile; fileRef = A117BA3D2325778D00D285FB /* Podfile */; };
		A117BA6F232577F300D285FB /* UIViewController+KMNavigationBarTransition.m in Sources */ = {isa = PBXBuildFile; fileRef = A117BA5D232577F200D285FB /* UIViewController+KMNavigationBarTransition.m */; };
		A117BA70232577F300D285FB /* UIScrollView+KMNavigationBarTransition.m in Sources */ = {isa = PBXBuildFile; fileRef = A117BA5F232577F200D285FB /* UIScrollView+KMNavigationBarTransition.m */; };
		A117BA71232577F300D285FB /* KMWeakObjectContainer.m in Sources */ = {isa = PBXBuildFile; fileRef = A117BA64232577F200D285FB /* KMWeakObjectContainer.m */; };
		A117BA72232577F300D285FB /* UINavigationBar+KMNavigationBarTransition.m in Sources */ = {isa = PBXBuildFile; fileRef = A117BA65232577F200D285FB /* UINavigationBar+KMNavigationBarTransition.m */; };
		A117BA73232577F300D285FB /* UINavigationController+KMNavigationBarTransition.m in Sources */ = {isa = PBXBuildFile; fileRef = A117BA69232577F200D285FB /* UINavigationController+KMNavigationBarTransition.m */; };
		A117BA74232577F300D285FB /* KMSwizzle.m in Sources */ = {isa = PBXBuildFile; fileRef = A117BA6A232577F200D285FB /* KMSwizzle.m */; };
		A117BA75232577F300D285FB /* NSObject+KMNavigationBarTransition.m in Sources */ = {isa = PBXBuildFile; fileRef = A117BA6C232577F300D285FB /* NSObject+KMNavigationBarTransition.m */; };
		A117BA7D23267A2900D285FB /* SDBaseViewController.m in Sources */ = {isa = PBXBuildFile; fileRef = A117BA7C23267A2900D285FB /* SDBaseViewController.m */; };
		A117BA862326A57900D285FB /* QMUIConfigurationTemplate.m in Sources */ = {isa = PBXBuildFile; fileRef = A117BA852326A57900D285FB /* QMUIConfigurationTemplate.m */; };
		A117BA8B2326A7C700D285FB /* SDUtil.m in Sources */ = {isa = PBXBuildFile; fileRef = A117BA8A2326A7C700D285FB /* SDUtil.m */; };
		A137713D233EB61600263482 /* SDThemeGreen.m in Sources */ = {isa = PBXBuildFile; fileRef = A137713C233EB61600263482 /* SDThemeGreen.m */; };
		A1377140233EB75600263482 /* SDThemeBlue.m in Sources */ = {isa = PBXBuildFile; fileRef = A137713F233EB75600263482 /* SDThemeBlue.m */; };
		A1377143233EB76300263482 /* SDThemeRed.m in Sources */ = {isa = PBXBuildFile; fileRef = A1377142233EB76300263482 /* SDThemeRed.m */; };
		A1377146233EB77600263482 /* SDThemePurple.m in Sources */ = {isa = PBXBuildFile; fileRef = A1377145233EB77600263482 /* SDThemePurple.m */; };
		A1377149233EBCCF00263482 /* SDThemeDefault.m in Sources */ = {isa = PBXBuildFile; fileRef = A1377148233EBCCF00263482 /* SDThemeDefault.m */; };
		A137714C233ECCE200263482 /* SDTimeCenter.m in Sources */ = {isa = PBXBuildFile; fileRef = A137714B233ECCE200263482 /* SDTimeCenter.m */; };
		A1377155233F6F1800263482 /* SDDBManager.mm in Sources */ = {isa = PBXBuildFile; fileRef = A1377154233F6F1800263482 /* SDDBManager.mm */; };
		A1491481233E07BF003F40F3 /* SDThemeManager.m in Sources */ = {isa = PBXBuildFile; fileRef = A1491480233E07BF003F40F3 /* SDThemeManager.m */; };
		ACD60D370E0ED04E96FF988E /* Pods_SDaccount.framework in Frameworks */ = {isa = PBXBuildFile; fileRef = F05746542E962966322BCB26 /* Pods_SDaccount.framework */; };
/* End PBXBuildFile section */

/* Begin PBXFileReference section */
		2B89C74C3ADA1440718224A9 /* Pods-SDaccount.release.xcconfig */ = {isa = PBXFileReference; includeInIndex = 1; lastKnownFileType = text.xcconfig; name = "Pods-SDaccount.release.xcconfig"; path = "Pods/Target Support Files/Pods-SDaccount/Pods-SDaccount.release.xcconfig"; sourceTree = "<group>"; };
		2D8E38C7F8D245C4B0C5FEBA /* Pods-SDaccount.debug.xcconfig */ = {isa = PBXFileReference; includeInIndex = 1; lastKnownFileType = text.xcconfig; name = "Pods-SDaccount.debug.xcconfig"; path = "Pods/Target Support Files/Pods-SDaccount/Pods-SDaccount.debug.xcconfig"; sourceTree = "<group>"; };
		A11060E423275650003F500D /* SDNaviController.h */ = {isa = PBXFileReference; lastKnownFileType = sourcecode.c.h; path = SDNaviController.h; sourceTree = "<group>"; };
		A11060E523275650003F500D /* SDNaviController.m */ = {isa = PBXFileReference; lastKnownFileType = sourcecode.c.objc; path = SDNaviController.m; sourceTree = "<group>"; };
		A11060E7232759BF003F500D /* SDWebViewController.h */ = {isa = PBXFileReference; lastKnownFileType = sourcecode.c.h; path = SDWebViewController.h; sourceTree = "<group>"; };
		A11060E8232759BF003F500D /* SDWebViewController.m */ = {isa = PBXFileReference; lastKnownFileType = sourcecode.c.objc; path = SDWebViewController.m; sourceTree = "<group>"; };
		A117B9E723255F1700D285FB /* SDaccount.app */ = {isa = PBXFileReference; explicitFileType = wrapper.application; includeInIndex = 0; path = SDaccount.app; sourceTree = BUILT_PRODUCTS_DIR; };
		A117B9EA23255F1700D285FB /* AppDelegate.h */ = {isa = PBXFileReference; lastKnownFileType = sourcecode.c.h; path = AppDelegate.h; sourceTree = "<group>"; };
		A117B9EB23255F1700D285FB /* AppDelegate.m */ = {isa = PBXFileReference; lastKnownFileType = sourcecode.c.objc; path = AppDelegate.m; sourceTree = "<group>"; };
		A117B9F323255F1900D285FB /* Assets.xcassets */ = {isa = PBXFileReference; lastKnownFileType = folder.assetcatalog; path = Assets.xcassets; sourceTree = "<group>"; };
		A117B9F623255F1900D285FB /* Base */ = {isa = PBXFileReference; lastKnownFileType = file.storyboard; name = Base; path = Base.lproj/LaunchScreen.storyboard; sourceTree = "<group>"; };
		A117B9F823255F1900D285FB /* Info.plist */ = {isa = PBXFileReference; lastKnownFileType = text.plist.xml; path = Info.plist; sourceTree = "<group>"; };
		A117B9F923255F1900D285FB /* main.m */ = {isa = PBXFileReference; lastKnownFileType = sourcecode.c.objc; path = main.m; sourceTree = "<group>"; };
		A117BA3D2325778D00D285FB /* Podfile */ = {isa = PBXFileReference; fileEncoding = 4; lastKnownFileType = text; path = Podfile; sourceTree = SOURCE_ROOT; xcLanguageSpecificationIdentifier = xcode.lang.ruby; };
		A117BA5C232577F200D285FB /* UINavigationBar+KMNavigationBarTransition_internal.h */ = {isa = PBXFileReference; fileEncoding = 4; lastKnownFileType = sourcecode.c.h; path = "UINavigationBar+KMNavigationBarTransition_internal.h"; sourceTree = "<group>"; };
		A117BA5D232577F200D285FB /* UIViewController+KMNavigationBarTransition.m */ = {isa = PBXFileReference; fileEncoding = 4; lastKnownFileType = sourcecode.c.objc; path = "UIViewController+KMNavigationBarTransition.m"; sourceTree = "<group>"; };
		A117BA5E232577F200D285FB /* UINavigationController+KMNavigationBarTransition.h */ = {isa = PBXFileReference; fileEncoding = 4; lastKnownFileType = sourcecode.c.h; path = "UINavigationController+KMNavigationBarTransition.h"; sourceTree = "<group>"; };
		A117BA5F232577F200D285FB /* UIScrollView+KMNavigationBarTransition.m */ = {isa = PBXFileReference; fileEncoding = 4; lastKnownFileType = sourcecode.c.objc; path = "UIScrollView+KMNavigationBarTransition.m"; sourceTree = "<group>"; };
		A117BA60232577F200D285FB /* KMNavigationBarTransition.h */ = {isa = PBXFileReference; fileEncoding = 4; lastKnownFileType = sourcecode.c.h; path = KMNavigationBarTransition.h; sourceTree = "<group>"; };
		A117BA61232577F200D285FB /* UIScrollView+KMNavigationBarTransition_internal.h */ = {isa = PBXFileReference; fileEncoding = 4; lastKnownFileType = sourcecode.c.h; path = "UIScrollView+KMNavigationBarTransition_internal.h"; sourceTree = "<group>"; };
		A117BA62232577F200D285FB /* NSObject+KMNavigationBarTransition.h */ = {isa = PBXFileReference; fileEncoding = 4; lastKnownFileType = sourcecode.c.h; path = "NSObject+KMNavigationBarTransition.h"; sourceTree = "<group>"; };
		A117BA63232577F200D285FB /* KMSwizzle.h */ = {isa = PBXFileReference; fileEncoding = 4; lastKnownFileType = sourcecode.c.h; path = KMSwizzle.h; sourceTree = "<group>"; };
		A117BA64232577F200D285FB /* KMWeakObjectContainer.m */ = {isa = PBXFileReference; fileEncoding = 4; lastKnownFileType = sourcecode.c.objc; path = KMWeakObjectContainer.m; sourceTree = "<group>"; };
		A117BA65232577F200D285FB /* UINavigationBar+KMNavigationBarTransition.m */ = {isa = PBXFileReference; fileEncoding = 4; lastKnownFileType = sourcecode.c.objc; path = "UINavigationBar+KMNavigationBarTransition.m"; sourceTree = "<group>"; };
		A117BA66232577F200D285FB /* UINavigationController+KMNavigationBarTransition_internal.h */ = {isa = PBXFileReference; fileEncoding = 4; lastKnownFileType = sourcecode.c.h; path = "UINavigationController+KMNavigationBarTransition_internal.h"; sourceTree = "<group>"; };
		A117BA67232577F200D285FB /* UIViewController+KMNavigationBarTransition.h */ = {isa = PBXFileReference; fileEncoding = 4; lastKnownFileType = sourcecode.c.h; path = "UIViewController+KMNavigationBarTransition.h"; sourceTree = "<group>"; };
		A117BA68232577F200D285FB /* UIViewController+KMNavigationBarTransition_internal.h */ = {isa = PBXFileReference; fileEncoding = 4; lastKnownFileType = sourcecode.c.h; path = "UIViewController+KMNavigationBarTransition_internal.h"; sourceTree = "<group>"; };
		A117BA69232577F200D285FB /* UINavigationController+KMNavigationBarTransition.m */ = {isa = PBXFileReference; fileEncoding = 4; lastKnownFileType = sourcecode.c.objc; path = "UINavigationController+KMNavigationBarTransition.m"; sourceTree = "<group>"; };
		A117BA6A232577F200D285FB /* KMSwizzle.m */ = {isa = PBXFileReference; fileEncoding = 4; lastKnownFileType = sourcecode.c.objc; path = KMSwizzle.m; sourceTree = "<group>"; };
		A117BA6B232577F300D285FB /* KMWeakObjectContainer.h */ = {isa = PBXFileReference; fileEncoding = 4; lastKnownFileType = sourcecode.c.h; path = KMWeakObjectContainer.h; sourceTree = "<group>"; };
		A117BA6C232577F300D285FB /* NSObject+KMNavigationBarTransition.m */ = {isa = PBXFileReference; fileEncoding = 4; lastKnownFileType = sourcecode.c.objc; path = "NSObject+KMNavigationBarTransition.m"; sourceTree = "<group>"; };
		A117BA6D232577F300D285FB /* UIScrollView+KMNavigationBarTransition.h */ = {isa = PBXFileReference; fileEncoding = 4; lastKnownFileType = sourcecode.c.h; path = "UIScrollView+KMNavigationBarTransition.h"; sourceTree = "<group>"; };
		A117BA6E232577F300D285FB /* UINavigationBar+KMNavigationBarTransition.h */ = {isa = PBXFileReference; fileEncoding = 4; lastKnownFileType = sourcecode.c.h; path = "UINavigationBar+KMNavigationBarTransition.h"; sourceTree = "<group>"; };
		A117BA762326562500D285FB /* PrefixHeader.pch */ = {isa = PBXFileReference; lastKnownFileType = sourcecode.c.h; path = PrefixHeader.pch; sourceTree = "<group>"; };
		A117BA7B23267A2900D285FB /* SDBaseViewController.h */ = {isa = PBXFileReference; lastKnownFileType = sourcecode.c.h; path = SDBaseViewController.h; sourceTree = "<group>"; };
		A117BA7C23267A2900D285FB /* SDBaseViewController.m */ = {isa = PBXFileReference; lastKnownFileType = sourcecode.c.objc; path = SDBaseViewController.m; sourceTree = "<group>"; };
		A117BA842326A57900D285FB /* QMUIConfigurationTemplate.h */ = {isa = PBXFileReference; fileEncoding = 4; lastKnownFileType = sourcecode.c.h; path = QMUIConfigurationTemplate.h; sourceTree = "<group>"; };
		A117BA852326A57900D285FB /* QMUIConfigurationTemplate.m */ = {isa = PBXFileReference; fileEncoding = 4; lastKnownFileType = sourcecode.c.objc; path = QMUIConfigurationTemplate.m; sourceTree = "<group>"; };
		A117BA872326A75500D285FB /* Macro.h */ = {isa = PBXFileReference; lastKnownFileType = sourcecode.c.h; path = Macro.h; sourceTree = "<group>"; };
		A117BA882326A77000D285FB /* Notifications.h */ = {isa = PBXFileReference; lastKnownFileType = sourcecode.c.h; path = Notifications.h; sourceTree = "<group>"; };
		A117BA892326A7C700D285FB /* SDUtil.h */ = {isa = PBXFileReference; lastKnownFileType = sourcecode.c.h; path = SDUtil.h; sourceTree = "<group>"; };
		A117BA8A2326A7C700D285FB /* SDUtil.m */ = {isa = PBXFileReference; lastKnownFileType = sourcecode.c.objc; path = SDUtil.m; sourceTree = "<group>"; };
		A137713B233EB61600263482 /* SDThemeGreen.h */ = {isa = PBXFileReference; lastKnownFileType = sourcecode.c.h; path = SDThemeGreen.h; sourceTree = "<group>"; };
		A137713C233EB61600263482 /* SDThemeGreen.m */ = {isa = PBXFileReference; lastKnownFileType = sourcecode.c.objc; path = SDThemeGreen.m; sourceTree = "<group>"; };
		A137713E233EB75600263482 /* SDThemeBlue.h */ = {isa = PBXFileReference; lastKnownFileType = sourcecode.c.h; path = SDThemeBlue.h; sourceTree = "<group>"; };
		A137713F233EB75600263482 /* SDThemeBlue.m */ = {isa = PBXFileReference; lastKnownFileType = sourcecode.c.objc; path = SDThemeBlue.m; sourceTree = "<group>"; };
		A1377141233EB76300263482 /* SDThemeRed.h */ = {isa = PBXFileReference; lastKnownFileType = sourcecode.c.h; path = SDThemeRed.h; sourceTree = "<group>"; };
		A1377142233EB76300263482 /* SDThemeRed.m */ = {isa = PBXFileReference; lastKnownFileType = sourcecode.c.objc; path = SDThemeRed.m; sourceTree = "<group>"; };
		A1377144233EB77600263482 /* SDThemePurple.h */ = {isa = PBXFileReference; lastKnownFileType = sourcecode.c.h; path = SDThemePurple.h; sourceTree = "<group>"; };
		A1377145233EB77600263482 /* SDThemePurple.m */ = {isa = PBXFileReference; lastKnownFileType = sourcecode.c.objc; path = SDThemePurple.m; sourceTree = "<group>"; };
		A1377147233EBCCF00263482 /* SDThemeDefault.h */ = {isa = PBXFileReference; lastKnownFileType = sourcecode.c.h; path = SDThemeDefault.h; sourceTree = "<group>"; };
		A1377148233EBCCF00263482 /* SDThemeDefault.m */ = {isa = PBXFileReference; lastKnownFileType = sourcecode.c.objc; path = SDThemeDefault.m; sourceTree = "<group>"; };
		A137714A233ECCE200263482 /* SDTimeCenter.h */ = {isa = PBXFileReference; lastKnownFileType = sourcecode.c.h; path = SDTimeCenter.h; sourceTree = "<group>"; };
		A137714B233ECCE200263482 /* SDTimeCenter.m */ = {isa = PBXFileReference; lastKnownFileType = sourcecode.c.objc; path = SDTimeCenter.m; sourceTree = "<group>"; };
		A1377153233F6F1800263482 /* SDDBManager.h */ = {isa = PBXFileReference; lastKnownFileType = sourcecode.c.h; path = SDDBManager.h; sourceTree = "<group>"; };
		A1377154233F6F1800263482 /* SDDBManager.mm */ = {isa = PBXFileReference; lastKnownFileType = sourcecode.cpp.objcpp; path = SDDBManager.mm; sourceTree = "<group>"; };
		A149147D233E04EE003F40F3 /* SDThemeProtocol.h */ = {isa = PBXFileReference; lastKnownFileType = sourcecode.c.h; path = SDThemeProtocol.h; sourceTree = "<group>"; };
		A149147F233E07BF003F40F3 /* SDThemeManager.h */ = {isa = PBXFileReference; lastKnownFileType = sourcecode.c.h; path = SDThemeManager.h; sourceTree = "<group>"; };
		A1491480233E07BF003F40F3 /* SDThemeManager.m */ = {isa = PBXFileReference; lastKnownFileType = sourcecode.c.objc; path = SDThemeManager.m; sourceTree = "<group>"; };
		F05746542E962966322BCB26 /* Pods_SDaccount.framework */ = {isa = PBXFileReference; explicitFileType = wrapper.framework; includeInIndex = 0; path = Pods_SDaccount.framework; sourceTree = BUILT_PRODUCTS_DIR; };
/* End PBXFileReference section */

/* Begin PBXFrameworksBuildPhase section */
		A117B9E423255F1700D285FB /* Frameworks */ = {
			isa = PBXFrameworksBuildPhase;
			buildActionMask = 2147483647;
			files = (
				ACD60D370E0ED04E96FF988E /* Pods_SDaccount.framework in Frameworks */,
			);
			runOnlyForDeploymentPostprocessing = 0;
		};
/* End PBXFrameworksBuildPhase section */

/* Begin PBXGroup section */
		4E250F8CF4E14C55C1829591 /* Pods */ = {
			isa = PBXGroup;
			children = (
				2D8E38C7F8D245C4B0C5FEBA /* Pods-SDaccount.debug.xcconfig */,
				2B89C74C3ADA1440718224A9 /* Pods-SDaccount.release.xcconfig */,
			);
			name = Pods;
			sourceTree = "<group>";
		};
		A117B9DE23255F1700D285FB = {
			isa = PBXGroup;
			children = (
				A117B9E923255F1700D285FB /* SDaccount */,
				A117B9E823255F1700D285FB /* Products */,
				4E250F8CF4E14C55C1829591 /* Pods */,
				CDB950EAE664A2936067FDB0 /* Frameworks */,
			);
			sourceTree = "<group>";
		};
		A117B9E823255F1700D285FB /* Products */ = {
			isa = PBXGroup;
			children = (
				A117B9E723255F1700D285FB /* SDaccount.app */,
			);
			name = Products;
			sourceTree = "<group>";
		};
		A117B9E923255F1700D285FB /* SDaccount */ = {
			isa = PBXGroup;
			children = (
				A117BA0023255F4E00D285FB /* AppDelegate */,
				A117BA01232572FE00D285FB /* Main Tab */,
				A117BA022325731100D285FB /* List Tab */,
				A117BA032325731A00D285FB /* Category Tab */,
				A117BA062325733F00D285FB /* AddItem Tab */,
				A117BA052325733B00D285FB /* Report Tab */,
				A117BA042325733600D285FB /* More Tab */,
				A117BA0C2325741300D285FB /* Database */,
				A117BA0E2325742600D285FB /* Model */,
				A117BA0D2325741C00D285FB /* Service */,
				A117BA14232575DB00D285FB /* Lib */,
				A117BA13232575CB00D285FB /* Common */,
				A117BA772326794300D285FB /* Appkit */,
				A117BA0F2325744C00D285FB /* Resource */,
				A117BA102325747B00D285FB /* Supporting Files */,
			);
			path = SDaccount;
			sourceTree = "<group>";
		};
		A117BA0023255F4E00D285FB /* AppDelegate */ = {
			isa = PBXGroup;
			children = (
				A117B9EA23255F1700D285FB /* AppDelegate.h */,
				A117B9EB23255F1700D285FB /* AppDelegate.m */,
			);
			path = AppDelegate;
			sourceTree = "<group>";
		};
		A117BA01232572FE00D285FB /* Main Tab */ = {
			isa = PBXGroup;
			children = (
			);
			path = "Main Tab";
			sourceTree = "<group>";
		};
		A117BA022325731100D285FB /* List Tab */ = {
			isa = PBXGroup;
			children = (
				A117BA0B232573F600D285FB /* View */,
			);
			path = "List Tab";
			sourceTree = "<group>";
		};
		A117BA032325731A00D285FB /* Category Tab */ = {
			isa = PBXGroup;
			children = (
				A117BA0A232573DB00D285FB /* View */,
			);
			path = "Category Tab";
			sourceTree = "<group>";
		};
		A117BA042325733600D285FB /* More Tab */ = {
			isa = PBXGroup;
			children = (
				A117BA07232573C900D285FB /* View */,
			);
			path = "More Tab";
			sourceTree = "<group>";
		};
		A117BA052325733B00D285FB /* Report Tab */ = {
			isa = PBXGroup;
			children = (
				A117BA08232573D400D285FB /* View */,
			);
			name = "Report Tab";
			sourceTree = "<group>";
		};
		A117BA062325733F00D285FB /* AddItem Tab */ = {
			isa = PBXGroup;
			children = (
				A117BA09232573D800D285FB /* View */,
			);
			path = "AddItem Tab";
			sourceTree = "<group>";
		};
		A117BA07232573C900D285FB /* View */ = {
			isa = PBXGroup;
			children = (
			);
			path = View;
			sourceTree = "<group>";
		};
		A117BA08232573D400D285FB /* View */ = {
			isa = PBXGroup;
			children = (
			);
			name = View;
			sourceTree = "<group>";
		};
		A117BA09232573D800D285FB /* View */ = {
			isa = PBXGroup;
			children = (
			);
			path = View;
			sourceTree = "<group>";
		};
		A117BA0A232573DB00D285FB /* View */ = {
			isa = PBXGroup;
			children = (
			);
			path = View;
			sourceTree = "<group>";
		};
		A117BA0B232573F600D285FB /* View */ = {
			isa = PBXGroup;
			children = (
			);
			path = View;
			sourceTree = "<group>";
		};
		A117BA0C2325741300D285FB /* Database */ = {
			isa = PBXGroup;
			children = (
				A1377153233F6F1800263482 /* SDDBManager.h */,
				A1377154233F6F1800263482 /* SDDBManager.mm */,
			);
			path = Database;
			sourceTree = "<group>";
		};
		A117BA0D2325741C00D285FB /* Service */ = {
			isa = PBXGroup;
			children = (
			);
			path = Service;
			sourceTree = "<group>";
		};
		A117BA0E2325742600D285FB /* Model */ = {
			isa = PBXGroup;
			children = (
			);
			path = Model;
			sourceTree = "<group>";
		};
		A117BA0F2325744C00D285FB /* Resource */ = {
			isa = PBXGroup;
			children = (
				A117B9F323255F1900D285FB /* Assets.xcassets */,
			);
			path = Resource;
			sourceTree = "<group>";
		};
		A117BA102325747B00D285FB /* Supporting Files */ = {
			isa = PBXGroup;
			children = (
				A117B9F523255F1900D285FB /* LaunchScreen.storyboard */,
				A117B9F823255F1900D285FB /* Info.plist */,
				A117BA3D2325778D00D285FB /* Podfile */,
				A117B9F923255F1900D285FB /* main.m */,
			);
			path = "Supporting Files";
			sourceTree = "<group>";
		};
		A117BA13232575CB00D285FB /* Common */ = {
			isa = PBXGroup;
			children = (
				A117BA762326562500D285FB /* PrefixHeader.pch */,
				A117BA872326A75500D285FB /* Macro.h */,
				A117BA882326A77000D285FB /* Notifications.h */,
				A117BA892326A7C700D285FB /* SDUtil.h */,
				A117BA8A2326A7C700D285FB /* SDUtil.m */,
			);
			path = Common;
			sourceTree = "<group>";
		};
		A117BA14232575DB00D285FB /* Lib */ = {
			isa = PBXGroup;
			children = (
				A117BA5B232577F200D285FB /* KMNavigationBarTransition */,
			);
			path = Lib;
			sourceTree = "<group>";
		};
		A117BA5B232577F200D285FB /* KMNavigationBarTransition */ = {
			isa = PBXGroup;
			children = (
				A117BA5C232577F200D285FB /* UINavigationBar+KMNavigationBarTransition_internal.h */,
				A117BA5D232577F200D285FB /* UIViewController+KMNavigationBarTransition.m */,
				A117BA5E232577F200D285FB /* UINavigationController+KMNavigationBarTransition.h */,
				A117BA5F232577F200D285FB /* UIScrollView+KMNavigationBarTransition.m */,
				A117BA60232577F200D285FB /* KMNavigationBarTransition.h */,
				A117BA61232577F200D285FB /* UIScrollView+KMNavigationBarTransition_internal.h */,
				A117BA62232577F200D285FB /* NSObject+KMNavigationBarTransition.h */,
				A117BA63232577F200D285FB /* KMSwizzle.h */,
				A117BA64232577F200D285FB /* KMWeakObjectContainer.m */,
				A117BA65232577F200D285FB /* UINavigationBar+KMNavigationBarTransition.m */,
				A117BA66232577F200D285FB /* UINavigationController+KMNavigationBarTransition_internal.h */,
				A117BA67232577F200D285FB /* UIViewController+KMNavigationBarTransition.h */,
				A117BA68232577F200D285FB /* UIViewController+KMNavigationBarTransition_internal.h */,
				A117BA69232577F200D285FB /* UINavigationController+KMNavigationBarTransition.m */,
				A117BA6A232577F200D285FB /* KMSwizzle.m */,
				A117BA6B232577F300D285FB /* KMWeakObjectContainer.h */,
				A117BA6C232577F300D285FB /* NSObject+KMNavigationBarTransition.m */,
				A117BA6D232577F300D285FB /* UIScrollView+KMNavigationBarTransition.h */,
				A117BA6E232577F300D285FB /* UINavigationBar+KMNavigationBarTransition.h */,
			);
			path = KMNavigationBarTransition;
			sourceTree = "<group>";
		};
		A117BA772326794300D285FB /* Appkit */ = {
			isa = PBXGroup;
			children = (
				A117BA7A2326799600D285FB /* Time */,
				A117BA792326798C00D285FB /* Theme */,
				A117BA782326798500D285FB /* UI */,
			);
			path = Appkit;
			sourceTree = "<group>";
		};
		A117BA782326798500D285FB /* UI */ = {
			isa = PBXGroup;
			children = (
				A117BA7B23267A2900D285FB /* SDBaseViewController.h */,
				A117BA7C23267A2900D285FB /* SDBaseViewController.m */,
				A11060E7232759BF003F500D /* SDWebViewController.h */,
				A11060E8232759BF003F500D /* SDWebViewController.m */,
				A11060E423275650003F500D /* SDNaviController.h */,
				A11060E523275650003F500D /* SDNaviController.m */,
			);
			path = UI;
			sourceTree = "<group>";
		};
		A117BA792326798C00D285FB /* Theme */ = {
			isa = PBXGroup;
			children = (
				A149147D233E04EE003F40F3 /* SDThemeProtocol.h */,
				A149147F233E07BF003F40F3 /* SDThemeManager.h */,
				A1491480233E07BF003F40F3 /* SDThemeManager.m */,
				A1377147233EBCCF00263482 /* SDThemeDefault.h */,
				A1377148233EBCCF00263482 /* SDThemeDefault.m */,
				A137713B233EB61600263482 /* SDThemeGreen.h */,
				A137713C233EB61600263482 /* SDThemeGreen.m */,
				A137713E233EB75600263482 /* SDThemeBlue.h */,
				A137713F233EB75600263482 /* SDThemeBlue.m */,
				A1377141233EB76300263482 /* SDThemeRed.h */,
				A1377142233EB76300263482 /* SDThemeRed.m */,
				A1377144233EB77600263482 /* SDThemePurple.h */,
				A1377145233EB77600263482 /* SDThemePurple.m */,
				A117BA842326A57900D285FB /* QMUIConfigurationTemplate.h */,
				A117BA852326A57900D285FB /* QMUIConfigurationTemplate.m */,
			);
			path = Theme;
			sourceTree = "<group>";
		};
		A117BA7A2326799600D285FB /* Time */ = {
			isa = PBXGroup;
			children = (
				A137714A233ECCE200263482 /* SDTimeCenter.h */,
				A137714B233ECCE200263482 /* SDTimeCenter.m */,
			);
			path = Time;
			sourceTree = "<group>";
		};
		CDB950EAE664A2936067FDB0 /* Frameworks */ = {
			isa = PBXGroup;
			children = (
				F05746542E962966322BCB26 /* Pods_SDaccount.framework */,
			);
			name = Frameworks;
			sourceTree = "<group>";
		};
/* End PBXGroup section */

/* Begin PBXNativeTarget section */
		A117B9E623255F1700D285FB /* SDaccount */ = {
			isa = PBXNativeTarget;
			buildConfigurationList = A117B9FD23255F1900D285FB /* Build configuration list for PBXNativeTarget "SDaccount" */;
			buildPhases = (
				FB43218FF37DBD9DBB6C4229 /* [CP] Check Pods Manifest.lock */,
				A117B9E323255F1700D285FB /* Sources */,
				A117B9E423255F1700D285FB /* Frameworks */,
				A117B9E523255F1700D285FB /* Resources */,
				779C402C96D79DB6B31CF187 /* [CP] Embed Pods Frameworks */,
				A5946B728A61C0612D817ECC /* [CP] Copy Pods Resources */,
			);
			buildRules = (
			);
			dependencies = (
			);
			name = SDaccount;
			productName = SDaccount;
			productReference = A117B9E723255F1700D285FB /* SDaccount.app */;
			productType = "com.apple.product-type.application";
		};
/* End PBXNativeTarget section */

/* Begin PBXProject section */
		A117B9DF23255F1700D285FB /* Project object */ = {
			isa = PBXProject;
			attributes = {
				LastUpgradeCheck = 1030;
				ORGANIZATIONNAME = PacmanSun;
				TargetAttributes = {
					A117B9E623255F1700D285FB = {
						CreatedOnToolsVersion = 10.3;
					};
				};
			};
			buildConfigurationList = A117B9E223255F1700D285FB /* Build configuration list for PBXProject "SDaccount" */;
			compatibilityVersion = "Xcode 9.3";
			developmentRegion = en;
			hasScannedForEncodings = 0;
			knownRegions = (
				en,
				Base,
			);
			mainGroup = A117B9DE23255F1700D285FB;
			productRefGroup = A117B9E823255F1700D285FB /* Products */;
			projectDirPath = "";
			projectRoot = "";
			targets = (
				A117B9E623255F1700D285FB /* SDaccount */,
			);
		};
/* End PBXProject section */

/* Begin PBXResourcesBuildPhase section */
		A117B9E523255F1700D285FB /* Resources */ = {
			isa = PBXResourcesBuildPhase;
			buildActionMask = 2147483647;
			files = (
				A117BA3E2325778D00D285FB /* Podfile in Resources */,
				A117B9F723255F1900D285FB /* LaunchScreen.storyboard in Resources */,
				A117B9F423255F1900D285FB /* Assets.xcassets in Resources */,
			);
			runOnlyForDeploymentPostprocessing = 0;
		};
/* End PBXResourcesBuildPhase section */

/* Begin PBXShellScriptBuildPhase section */
		779C402C96D79DB6B31CF187 /* [CP] Embed Pods Frameworks */ = {
			isa = PBXShellScriptBuildPhase;
			buildActionMask = 2147483647;
			files = (
			);
			inputPaths = (
				"${SRCROOT}/Pods/Target Support Files/Pods-SDaccount/Pods-SDaccount-frameworks.sh",
				"${BUILT_PRODUCTS_DIR}/BEMCheckBox/BEMCheckBox.framework",
				"${BUILT_PRODUCTS_DIR}/Charts/Charts.framework",
				"${BUILT_PRODUCTS_DIR}/CocoaLumberjack/CocoaLumberjack.framework",
				"${BUILT_PRODUCTS_DIR}/FBRetainCycleDetector/FBRetainCycleDetector.framework",
				"${BUILT_PRODUCTS_DIR}/FLEX/FLEX.framework",
				"${BUILT_PRODUCTS_DIR}/KVOController/KVOController.framework",
				"${BUILT_PRODUCTS_DIR}/MLeaksFinder/MLeaksFinder.framework",
				"${BUILT_PRODUCTS_DIR}/Masonry/Masonry.framework",
				"${BUILT_PRODUCTS_DIR}/QMUIKit/QMUIKit.framework",
				"${BUILT_PRODUCTS_DIR}/RHKeyValueStore/RHKeyValueStore.framework",
				"${BUILT_PRODUCTS_DIR}/SQLiteRepairKit/sqliterk.framework",
				"${BUILT_PRODUCTS_DIR}/UICKeyChainStore/UICKeyChainStore.framework",
				"${BUILT_PRODUCTS_DIR}/WCDB/WCDB.framework",
				"${BUILT_PRODUCTS_DIR}/WCDBOptimizedSQLCipher/sqlcipher.framework",
				"${BUILT_PRODUCTS_DIR}/YYCategories/YYCategories.framework",
				"${BUILT_PRODUCTS_DIR}/YYModel/YYModel.framework",
			);
			name = "[CP] Embed Pods Frameworks";
			outputPaths = (
				"${TARGET_BUILD_DIR}/${FRAMEWORKS_FOLDER_PATH}/BEMCheckBox.framework",
				"${TARGET_BUILD_DIR}/${FRAMEWORKS_FOLDER_PATH}/Charts.framework",
				"${TARGET_BUILD_DIR}/${FRAMEWORKS_FOLDER_PATH}/CocoaLumberjack.framework",
				"${TARGET_BUILD_DIR}/${FRAMEWORKS_FOLDER_PATH}/FBRetainCycleDetector.framework",
				"${TARGET_BUILD_DIR}/${FRAMEWORKS_FOLDER_PATH}/FLEX.framework",
				"${TARGET_BUILD_DIR}/${FRAMEWORKS_FOLDER_PATH}/KVOController.framework",
				"${TARGET_BUILD_DIR}/${FRAMEWORKS_FOLDER_PATH}/MLeaksFinder.framework",
				"${TARGET_BUILD_DIR}/${FRAMEWORKS_FOLDER_PATH}/Masonry.framework",
				"${TARGET_BUILD_DIR}/${FRAMEWORKS_FOLDER_PATH}/QMUIKit.framework",
				"${TARGET_BUILD_DIR}/${FRAMEWORKS_FOLDER_PATH}/RHKeyValueStore.framework",
				"${TARGET_BUILD_DIR}/${FRAMEWORKS_FOLDER_PATH}/sqliterk.framework",
				"${TARGET_BUILD_DIR}/${FRAMEWORKS_FOLDER_PATH}/UICKeyChainStore.framework",
				"${TARGET_BUILD_DIR}/${FRAMEWORKS_FOLDER_PATH}/WCDB.framework",
				"${TARGET_BUILD_DIR}/${FRAMEWORKS_FOLDER_PATH}/sqlcipher.framework",
				"${TARGET_BUILD_DIR}/${FRAMEWORKS_FOLDER_PATH}/YYCategories.framework",
				"${TARGET_BUILD_DIR}/${FRAMEWORKS_FOLDER_PATH}/YYModel.framework",
			);
			runOnlyForDeploymentPostprocessing = 0;
			shellPath = /bin/sh;
			shellScript = "\"${SRCROOT}/Pods/Target Support Files/Pods-SDaccount/Pods-SDaccount-frameworks.sh\"\n";
			showEnvVarsInLog = 0;
		};
		A5946B728A61C0612D817ECC /* [CP] Copy Pods Resources */ = {
			isa = PBXShellScriptBuildPhase;
			buildActionMask = 2147483647;
			files = (
			);
			inputPaths = (
				"${SRCROOT}/Pods/Target Support Files/Pods-SDaccount/Pods-SDaccount-resources.sh",
				"${PODS_ROOT}/AlicloudFeedback/feedback/YWFeedbackBundle.bundle",
				"${PODS_ROOT}/ShareSDK3/SDK/ShareSDK/Support/Required/ShareSDK.bundle",
				"${PODS_ROOT}/ShareSDK3/SDK/ShareSDK/Support/PlatformSDK/SinaWeiboSDK/WeiboSDK.bundle",
				"${PODS_ROOT}/ShareSDK3/SDK/ShareSDK/Support/Optional/ShareSDKUI.bundle",
			);
			name = "[CP] Copy Pods Resources";
			outputPaths = (
				"${TARGET_BUILD_DIR}/${UNLOCALIZED_RESOURCES_FOLDER_PATH}/YWFeedbackBundle.bundle",
				"${TARGET_BUILD_DIR}/${UNLOCALIZED_RESOURCES_FOLDER_PATH}/ShareSDK.bundle",
				"${TARGET_BUILD_DIR}/${UNLOCALIZED_RESOURCES_FOLDER_PATH}/WeiboSDK.bundle",
				"${TARGET_BUILD_DIR}/${UNLOCALIZED_RESOURCES_FOLDER_PATH}/ShareSDKUI.bundle",
			);
			runOnlyForDeploymentPostprocessing = 0;
			shellPath = /bin/sh;
			shellScript = "\"${SRCROOT}/Pods/Target Support Files/Pods-SDaccount/Pods-SDaccount-resources.sh\"\n";
			showEnvVarsInLog = 0;
		};
		FB43218FF37DBD9DBB6C4229 /* [CP] Check Pods Manifest.lock */ = {
			isa = PBXShellScriptBuildPhase;
			buildActionMask = 2147483647;
			files = (
			);
			inputPaths = (
				"${PODS_PODFILE_DIR_PATH}/Podfile.lock",
				"${PODS_ROOT}/Manifest.lock",
			);
			name = "[CP] Check Pods Manifest.lock";
			outputPaths = (
				"$(DERIVED_FILE_DIR)/Pods-SDaccount-checkManifestLockResult.txt",
			);
			runOnlyForDeploymentPostprocessing = 0;
			shellPath = /bin/sh;
			shellScript = "diff \"${PODS_PODFILE_DIR_PATH}/Podfile.lock\" \"${PODS_ROOT}/Manifest.lock\" > /dev/null\nif [ $? != 0 ] ; then\n    # print error to STDERR\n    echo \"error: The sandbox is not in sync with the Podfile.lock. Run 'pod install' or update your CocoaPods installation.\" >&2\n    exit 1\nfi\n# This output is used by Xcode 'outputs' to avoid re-running this script phase.\necho \"SUCCESS\" > \"${SCRIPT_OUTPUT_FILE_0}\"\n";
			showEnvVarsInLog = 0;
		};
/* End PBXShellScriptBuildPhase section */

/* Begin PBXSourcesBuildPhase section */
		A117B9E323255F1700D285FB /* Sources */ = {
			isa = PBXSourcesBuildPhase;
			buildActionMask = 2147483647;
			files = (
				A117B9FA23255F1900D285FB /* main.m in Sources */,
				A117BA73232577F300D285FB /* UINavigationController+KMNavigationBarTransition.m in Sources */,
				A11060E9232759BF003F500D /* SDWebViewController.m in Sources */,
				A117B9EC23255F1700D285FB /* AppDelegate.m in Sources */,
				A1377146233EB77600263482 /* SDThemePurple.m in Sources */,
				A1377143233EB76300263482 /* SDThemeRed.m in Sources */,
				A137713D233EB61600263482 /* SDThemeGreen.m in Sources */,
				A117BA72232577F300D285FB /* UINavigationBar+KMNavigationBarTransition.m in Sources */,
				A117BA6F232577F300D285FB /* UIViewController+KMNavigationBarTransition.m in Sources */,
				A117BA75232577F300D285FB /* NSObject+KMNavigationBarTransition.m in Sources */,
				A1377149233EBCCF00263482 /* SDThemeDefault.m in Sources */,
				A1491481233E07BF003F40F3 /* SDThemeManager.m in Sources */,
				A117BA71232577F300D285FB /* KMWeakObjectContainer.m in Sources */,
				A117BA862326A57900D285FB /* QMUIConfigurationTemplate.m in Sources */,
				A117BA8B2326A7C700D285FB /* SDUtil.m in Sources */,
				A137714C233ECCE200263482 /* SDTimeCenter.m in Sources */,
				A117BA7D23267A2900D285FB /* SDBaseViewController.m in Sources */,
				A117BA74232577F300D285FB /* KMSwizzle.m in Sources */,
				A1377155233F6F1800263482 /* SDDBManager.mm in Sources */,
				A1377140233EB75600263482 /* SDThemeBlue.m in Sources */,
				A117BA70232577F300D285FB /* UIScrollView+KMNavigationBarTransition.m in Sources */,
				A11060E623275650003F500D /* SDNaviController.m in Sources */,
			);
			runOnlyForDeploymentPostprocessing = 0;
		};
/* End PBXSourcesBuildPhase section */

/* Begin PBXVariantGroup section */
		A117B9F523255F1900D285FB /* LaunchScreen.storyboard */ = {
			isa = PBXVariantGroup;
			children = (
				A117B9F623255F1900D285FB /* Base */,
			);
			name = LaunchScreen.storyboard;
			sourceTree = "<group>";
		};
/* End PBXVariantGroup section */

/* Begin XCBuildConfiguration section */
		A117B9FB23255F1900D285FB /* Debug */ = {
			isa = XCBuildConfiguration;
			buildSettings = {
				ALWAYS_SEARCH_USER_PATHS = NO;
				CLANG_ANALYZER_NONNULL = YES;
				CLANG_ANALYZER_NUMBER_OBJECT_CONVERSION = YES_AGGRESSIVE;
				CLANG_CXX_LANGUAGE_STANDARD = "gnu++14";
				CLANG_CXX_LIBRARY = "libc++";
				CLANG_ENABLE_MODULES = YES;
				CLANG_ENABLE_OBJC_ARC = YES;
				CLANG_ENABLE_OBJC_WEAK = YES;
				CLANG_WARN_BLOCK_CAPTURE_AUTORELEASING = YES;
				CLANG_WARN_BOOL_CONVERSION = YES;
				CLANG_WARN_COMMA = YES;
				CLANG_WARN_CONSTANT_CONVERSION = YES;
				CLANG_WARN_DEPRECATED_OBJC_IMPLEMENTATIONS = YES;
				CLANG_WARN_DIRECT_OBJC_ISA_USAGE = YES_ERROR;
				CLANG_WARN_DOCUMENTATION_COMMENTS = NO;
				CLANG_WARN_EMPTY_BODY = YES;
				CLANG_WARN_ENUM_CONVERSION = YES;
				CLANG_WARN_INFINITE_RECURSION = YES;
				CLANG_WARN_INT_CONVERSION = YES;
				CLANG_WARN_NON_LITERAL_NULL_CONVERSION = YES;
				CLANG_WARN_OBJC_IMPLICIT_RETAIN_SELF = YES;
				CLANG_WARN_OBJC_LITERAL_CONVERSION = YES;
				CLANG_WARN_OBJC_ROOT_CLASS = YES_ERROR;
				CLANG_WARN_RANGE_LOOP_ANALYSIS = YES;
				CLANG_WARN_STRICT_PROTOTYPES = YES;
				CLANG_WARN_SUSPICIOUS_MOVE = YES;
				CLANG_WARN_UNGUARDED_AVAILABILITY = YES_AGGRESSIVE;
				CLANG_WARN_UNREACHABLE_CODE = YES;
				CLANG_WARN__DUPLICATE_METHOD_MATCH = YES;
				CODE_SIGN_IDENTITY = "iPhone Developer";
				COPY_PHASE_STRIP = NO;
				DEBUG_INFORMATION_FORMAT = dwarf;
				ENABLE_STRICT_OBJC_MSGSEND = YES;
				ENABLE_TESTABILITY = YES;
				GCC_C_LANGUAGE_STANDARD = gnu11;
				GCC_DYNAMIC_NO_PIC = NO;
				GCC_NO_COMMON_BLOCKS = YES;
				GCC_OPTIMIZATION_LEVEL = 0;
				GCC_PREPROCESSOR_DEFINITIONS = (
					"DEBUG=1",
					"$(inherited)",
				);
				GCC_WARN_64_TO_32_BIT_CONVERSION = YES;
				GCC_WARN_ABOUT_RETURN_TYPE = YES_ERROR;
				GCC_WARN_UNDECLARED_SELECTOR = YES;
				GCC_WARN_UNINITIALIZED_AUTOS = YES_AGGRESSIVE;
				GCC_WARN_UNUSED_FUNCTION = YES;
				GCC_WARN_UNUSED_VARIABLE = YES;
				IPHONEOS_DEPLOYMENT_TARGET = 8.0;
				MTL_ENABLE_DEBUG_INFO = INCLUDE_SOURCE;
				MTL_FAST_MATH = YES;
				ONLY_ACTIVE_ARCH = YES;
				SDKROOT = iphoneos;
			};
			name = Debug;
		};
		A117B9FC23255F1900D285FB /* Release */ = {
			isa = XCBuildConfiguration;
			buildSettings = {
				ALWAYS_SEARCH_USER_PATHS = NO;
				CLANG_ANALYZER_NONNULL = YES;
				CLANG_ANALYZER_NUMBER_OBJECT_CONVERSION = YES_AGGRESSIVE;
				CLANG_CXX_LANGUAGE_STANDARD = "gnu++14";
				CLANG_CXX_LIBRARY = "libc++";
				CLANG_ENABLE_MODULES = YES;
				CLANG_ENABLE_OBJC_ARC = YES;
				CLANG_ENABLE_OBJC_WEAK = YES;
				CLANG_WARN_BLOCK_CAPTURE_AUTORELEASING = YES;
				CLANG_WARN_BOOL_CONVERSION = YES;
				CLANG_WARN_COMMA = YES;
				CLANG_WARN_CONSTANT_CONVERSION = YES;
				CLANG_WARN_DEPRECATED_OBJC_IMPLEMENTATIONS = YES;
				CLANG_WARN_DIRECT_OBJC_ISA_USAGE = YES_ERROR;
				CLANG_WARN_DOCUMENTATION_COMMENTS = NO;
				CLANG_WARN_EMPTY_BODY = YES;
				CLANG_WARN_ENUM_CONVERSION = YES;
				CLANG_WARN_INFINITE_RECURSION = YES;
				CLANG_WARN_INT_CONVERSION = YES;
				CLANG_WARN_NON_LITERAL_NULL_CONVERSION = YES;
				CLANG_WARN_OBJC_IMPLICIT_RETAIN_SELF = YES;
				CLANG_WARN_OBJC_LITERAL_CONVERSION = YES;
				CLANG_WARN_OBJC_ROOT_CLASS = YES_ERROR;
				CLANG_WARN_RANGE_LOOP_ANALYSIS = YES;
				CLANG_WARN_STRICT_PROTOTYPES = YES;
				CLANG_WARN_SUSPICIOUS_MOVE = YES;
				CLANG_WARN_UNGUARDED_AVAILABILITY = YES_AGGRESSIVE;
				CLANG_WARN_UNREACHABLE_CODE = YES;
				CLANG_WARN__DUPLICATE_METHOD_MATCH = YES;
				CODE_SIGN_IDENTITY = "iPhone Developer";
				COPY_PHASE_STRIP = NO;
				DEBUG_INFORMATION_FORMAT = "dwarf-with-dsym";
				ENABLE_NS_ASSERTIONS = NO;
				ENABLE_STRICT_OBJC_MSGSEND = YES;
				GCC_C_LANGUAGE_STANDARD = gnu11;
				GCC_NO_COMMON_BLOCKS = YES;
				GCC_WARN_64_TO_32_BIT_CONVERSION = YES;
				GCC_WARN_ABOUT_RETURN_TYPE = YES_ERROR;
				GCC_WARN_UNDECLARED_SELECTOR = YES;
				GCC_WARN_UNINITIALIZED_AUTOS = YES_AGGRESSIVE;
				GCC_WARN_UNUSED_FUNCTION = YES;
				GCC_WARN_UNUSED_VARIABLE = YES;
				IPHONEOS_DEPLOYMENT_TARGET = 8.0;
				MTL_ENABLE_DEBUG_INFO = NO;
				MTL_FAST_MATH = YES;
				SDKROOT = iphoneos;
				VALIDATE_PRODUCT = YES;
			};
			name = Release;
		};
		A117B9FE23255F1900D285FB /* Debug */ = {
			isa = XCBuildConfiguration;
			baseConfigurationReference = 2D8E38C7F8D245C4B0C5FEBA /* Pods-SDaccount.debug.xcconfig */;
			buildSettings = {
				ASSETCATALOG_COMPILER_APPICON_NAME = AppIcon;
				CODE_SIGN_STYLE = Automatic;
				DEVELOPMENT_TEAM = C4X35KSX5P;
				GCC_PREFIX_HEADER = SDaccount/Common/PrefixHeader.pch;
				INFOPLIST_FILE = "SDaccount/Supporting Files/Info.plist";
				LD_RUNPATH_SEARCH_PATHS = (
					"$(inherited)",
					"@executable_path/Frameworks",
				);
				PRODUCT_BUNDLE_IDENTIFIER = com.github.PacmanSun.SDaccount;
				PRODUCT_NAME = "$(TARGET_NAME)";
				TARGETED_DEVICE_FAMILY = "1,2";
			};
			name = Debug;
		};
		A117B9FF23255F1900D285FB /* Release */ = {
			isa = XCBuildConfiguration;
			baseConfigurationReference = 2B89C74C3ADA1440718224A9 /* Pods-SDaccount.release.xcconfig */;
			buildSettings = {
				ASSETCATALOG_COMPILER_APPICON_NAME = AppIcon;
				CODE_SIGN_STYLE = Automatic;
				DEVELOPMENT_TEAM = C4X35KSX5P;
				GCC_PREFIX_HEADER = SDaccount/Common/PrefixHeader.pch;
				INFOPLIST_FILE = "SDaccount/Supporting Files/Info.plist";
				LD_RUNPATH_SEARCH_PATHS = (
					"$(inherited)",
					"@executable_path/Frameworks",
				);
				PRODUCT_BUNDLE_IDENTIFIER = com.github.PacmanSun.SDaccount;
				PRODUCT_NAME = "$(TARGET_NAME)";
				TARGETED_DEVICE_FAMILY = "1,2";
			};
			name = Release;
		};
/* End XCBuildConfiguration section */

/* Begin XCConfigurationList section */
		A117B9E223255F1700D285FB /* Build configuration list for PBXProject "SDaccount" */ = {
			isa = XCConfigurationList;
			buildConfigurations = (
				A117B9FB23255F1900D285FB /* Debug */,
				A117B9FC23255F1900D285FB /* Release */,
			);
			defaultConfigurationIsVisible = 0;
			defaultConfigurationName = Release;
		};
		A117B9FD23255F1900D285FB /* Build configuration list for PBXNativeTarget "SDaccount" */ = {
			isa = XCConfigurationList;
			buildConfigurations = (
				A117B9FE23255F1900D285FB /* Debug */,
				A117B9FF23255F1900D285FB /* Release */,
			);
			defaultConfigurationIsVisible = 0;
			defaultConfigurationName = Release;
		};
/* End XCConfigurationList section */
	};
	rootObject = A117B9DF23255F1700D285FB /* Project object */;
}
