// !$*UTF8*$!
{
	archiveVersion = 1;
	classes = {
	};
	objectVersion = 50;
	objects = {

/* Begin PBXBuildFile section */
		A11060E623275650003F500D /* SDNaviController.m in Sources */ = {isa = PBXBuildFile; fileRef = A11060E523275650003F500D /* SDNaviController.m */; };
		A11060E9232759BF003F500D /* SDWebViewController.m in Sources */ = {isa = PBXBuildFile; fileRef = A11060E8232759BF003F500D /* SDWebViewController.m */; };
		A112CA25236436D70006ACAC /* UITableViewCell+SDStaticDataBinding.m in Sources */ = {isa = PBXBuildFile; fileRef = A112CA24236436D70006ACAC /* UITableViewCell+SDStaticDataBinding.m */; };
		A112CA2823643F3E0006ACAC /* SDThemeTableViewCell.m in Sources */ = {isa = PBXBuildFile; fileRef = A112CA2723643F3E0006ACAC /* SDThemeTableViewCell.m */; };
		A117B9EC23255F1700D285FB /* AppDelegate.m in Sources */ = {isa = PBXBuildFile; fileRef = A117B9EB23255F1700D285FB /* AppDelegate.m */; };
		A117B9F423255F1900D285FB /* Assets.xcassets in Resources */ = {isa = PBXBuildFile; fileRef = A117B9F323255F1900D285FB /* Assets.xcassets */; };
		A117B9F723255F1900D285FB /* LaunchScreen.storyboard in Resources */ = {isa = PBXBuildFile; fileRef = A117B9F523255F1900D285FB /* LaunchScreen.storyboard */; };
		A117B9FA23255F1900D285FB /* main.m in Sources */ = {isa = PBXBuildFile; fileRef = A117B9F923255F1900D285FB /* main.m */; };
		A117BA6F232577F300D285FB /* UIViewController+KMNavigationBarTransition.m in Sources */ = {isa = PBXBuildFile; fileRef = A117BA5D232577F200D285FB /* UIViewController+KMNavigationBarTransition.m */; };
		A117BA70232577F300D285FB /* UIScrollView+KMNavigationBarTransition.m in Sources */ = {isa = PBXBuildFile; fileRef = A117BA5F232577F200D285FB /* UIScrollView+KMNavigationBarTransition.m */; };
		A117BA71232577F300D285FB /* KMWeakObjectContainer.m in Sources */ = {isa = PBXBuildFile; fileRef = A117BA64232577F200D285FB /* KMWeakObjectContainer.m */; };
		A117BA72232577F300D285FB /* UINavigationBar+KMNavigationBarTransition.m in Sources */ = {isa = PBXBuildFile; fileRef = A117BA65232577F200D285FB /* UINavigationBar+KMNavigationBarTransition.m */; };
		A117BA73232577F300D285FB /* UINavigationController+KMNavigationBarTransition.m in Sources */ = {isa = PBXBuildFile; fileRef = A117BA69232577F200D285FB /* UINavigationController+KMNavigationBarTransition.m */; };
		A117BA74232577F300D285FB /* KMSwizzle.m in Sources */ = {isa = PBXBuildFile; fileRef = A117BA6A232577F200D285FB /* KMSwizzle.m */; };
		A117BA75232577F300D285FB /* NSObject+KMNavigationBarTransition.m in Sources */ = {isa = PBXBuildFile; fileRef = A117BA6C232577F300D285FB /* NSObject+KMNavigationBarTransition.m */; };
		A117BA7D23267A2900D285FB /* SDBaseViewController.m in Sources */ = {isa = PBXBuildFile; fileRef = A117BA7C23267A2900D285FB /* SDBaseViewController.m */; };
		A117BA862326A57900D285FB /* QMUIConfigurationTemplate.m in Sources */ = {isa = PBXBuildFile; fileRef = A117BA852326A57900D285FB /* QMUIConfigurationTemplate.m */; };
		A117BA8B2326A7C700D285FB /* SDUtil.m in Sources */ = {isa = PBXBuildFile; fileRef = A117BA8A2326A7C700D285FB /* SDUtil.m */; };
		A1191AE123470E5C007542C2 /* Categories.plist in Resources */ = {isa = PBXBuildFile; fileRef = A1191AE023470E5C007542C2 /* Categories.plist */; };
		A1191AE4234716A7007542C2 /* SDLocation.mm in Sources */ = {isa = PBXBuildFile; fileRef = A1191AE3234716A7007542C2 /* SDLocation.mm */; };
		A1191AEA23472002007542C2 /* SDItem.mm in Sources */ = {isa = PBXBuildFile; fileRef = A1191AE923472002007542C2 /* SDItem.mm */; };
		A137713D233EB61600263482 /* SDThemeGreen.m in Sources */ = {isa = PBXBuildFile; fileRef = A137713C233EB61600263482 /* SDThemeGreen.m */; };
		A1377140233EB75600263482 /* SDThemeBlue.m in Sources */ = {isa = PBXBuildFile; fileRef = A137713F233EB75600263482 /* SDThemeBlue.m */; };
		A1377143233EB76300263482 /* SDThemeRed.m in Sources */ = {isa = PBXBuildFile; fileRef = A1377142233EB76300263482 /* SDThemeRed.m */; };
		A1377146233EB77600263482 /* SDThemePurple.m in Sources */ = {isa = PBXBuildFile; fileRef = A1377145233EB77600263482 /* SDThemePurple.m */; };
		A1377149233EBCCF00263482 /* SDThemeDefault.m in Sources */ = {isa = PBXBuildFile; fileRef = A1377148233EBCCF00263482 /* SDThemeDefault.m */; };
		A137714C233ECCE200263482 /* SDTimeCenter.m in Sources */ = {isa = PBXBuildFile; fileRef = A137714B233ECCE200263482 /* SDTimeCenter.m */; };
		A1377155233F6F1800263482 /* SDDBManager.mm in Sources */ = {isa = PBXBuildFile; fileRef = A1377154233F6F1800263482 /* SDDBManager.mm */; };
		A1377158234031CB00263482 /* SDCategoryService.mm in Sources */ = {isa = PBXBuildFile; fileRef = A1377157234031CB00263482 /* SDCategoryService.mm */; };
		A137715B23405DC100263482 /* SDCategory.mm in Sources */ = {isa = PBXBuildFile; fileRef = A137715A23405DC100263482 /* SDCategory.mm */; };
		A1491481233E07BF003F40F3 /* SDThemeManager.m in Sources */ = {isa = PBXBuildFile; fileRef = A1491480233E07BF003F40F3 /* SDThemeManager.m */; };
		A14A746D23472F2A00DF2795 /* SDItemService.mm in Sources */ = {isa = PBXBuildFile; fileRef = A14A746C23472F2A00DF2795 /* SDItemService.mm */; };
		A166437623BAD5CE00FE4135 /* SDLocationService.mm in Sources */ = {isa = PBXBuildFile; fileRef = A14A746923472F0A00DF2795 /* SDLocationService.mm */; };
		A16AFCEF235E4D950031511F /* SDAppContext.mm in Sources */ = {isa = PBXBuildFile; fileRef = A16AFCEE235E4D950031511F /* SDAppContext.mm */; };
		A16E703B23546BA800E5DB64 /* Locations.plist in Resources */ = {isa = PBXBuildFile; fileRef = A16E703A23546BA800E5DB64 /* Locations.plist */; };
		A16E70462354CBF100E5DB64 /* SDCategoryViewController.m in Sources */ = {isa = PBXBuildFile; fileRef = A16E70452354CBF100E5DB64 /* SDCategoryViewController.m */; };
		A16E70492354CCF600E5DB64 /* SDListViewController.m in Sources */ = {isa = PBXBuildFile; fileRef = A16E70482354CCF600E5DB64 /* SDListViewController.m */; };
		A16E704C2354CE9900E5DB64 /* SDAddItemViewController.m in Sources */ = {isa = PBXBuildFile; fileRef = A16E704B2354CE9900E5DB64 /* SDAddItemViewController.m */; };
		A16E704F2354CFB500E5DB64 /* SDReportViewController.m in Sources */ = {isa = PBXBuildFile; fileRef = A16E704E2354CFB500E5DB64 /* SDReportViewController.m */; };
		A16E70522354CFF100E5DB64 /* SDCategoryDetailViewController.m in Sources */ = {isa = PBXBuildFile; fileRef = A16E70512354CFF100E5DB64 /* SDCategoryDetailViewController.m */; };
		A16E70542354D06000E5DB64 /* Library.html in Resources */ = {isa = PBXBuildFile; fileRef = A16E70532354D06000E5DB64 /* Library.html */; };
		A16E70572354D20800E5DB64 /* SDMoreViewController.m in Sources */ = {isa = PBXBuildFile; fileRef = A16E70562354D20800E5DB64 /* SDMoreViewController.m */; };
		A16E705A2354D21F00E5DB64 /* SDThemeViewController.m in Sources */ = {isa = PBXBuildFile; fileRef = A16E70592354D21F00E5DB64 /* SDThemeViewController.m */; };
		A16E705E2354D25100E5DB64 /* SDAboutViewController.m in Sources */ = {isa = PBXBuildFile; fileRef = A16E705C2354D25100E5DB64 /* SDAboutViewController.m */; };
		A16E705F2354D25100E5DB64 /* SDAboutViewController.xib in Resources */ = {isa = PBXBuildFile; fileRef = A16E705D2354D25100E5DB64 /* SDAboutViewController.xib */; };
		A16E70622354D47700E5DB64 /* SDTabViewController.m in Sources */ = {isa = PBXBuildFile; fileRef = A16E70612354D47700E5DB64 /* SDTabViewController.m */; };
		A16E70652354D49600E5DB64 /* SDTabBarItem.m in Sources */ = {isa = PBXBuildFile; fileRef = A16E70642354D49600E5DB64 /* SDTabBarItem.m */; };
		A17E2FEF236BCFD500F16570 /* SDAddress.mm in Sources */ = {isa = PBXBuildFile; fileRef = A17E2FEE236BCFD500F16570 /* SDAddress.mm */; };
		A1807C4B23641D0E0079F25B /* SDStaticTableCellData.m in Sources */ = {isa = PBXBuildFile; fileRef = A1807C4A23641D0E0079F25B /* SDStaticTableCellData.m */; };
		A1807C4E23641D270079F25B /* SDStaticTableSectionData.m in Sources */ = {isa = PBXBuildFile; fileRef = A1807C4D23641D270079F25B /* SDStaticTableSectionData.m */; };
		A18AF35E23D0733000B31A14 /* Room.plist in Resources */ = {isa = PBXBuildFile; fileRef = A18AF35D23D0733000B31A14 /* Room.plist */; };
		A1996362236AFF06004392EF /* SDRoom.mm in Sources */ = {isa = PBXBuildFile; fileRef = A1996361236AFF06004392EF /* SDRoom.mm */; };
		A1BF46C22358E15A00370D21 /* SDAddItemPresenter.m in Sources */ = {isa = PBXBuildFile; fileRef = A1BF46C12358E15A00370D21 /* SDAddItemPresenter.m */; };
		A1CCF20A236E748B00E3F6D1 /* SDRoomService.mm in Sources */ = {isa = PBXBuildFile; fileRef = A1CCF205236DA6D500E3F6D1 /* SDRoomService.mm */; };
		A1CCF20D236E906600E3F6D1 /* SDAddressService.mm in Sources */ = {isa = PBXBuildFile; fileRef = A1CCF208236DA6EA00E3F6D1 /* SDAddressService.mm */; };
		A1F0A27D23FD6D8B00EB9BA4 /* SDBillListEmptyView.m in Sources */ = {isa = PBXBuildFile; fileRef = A1F0A27C23FD6D8B00EB9BA4 /* SDBillListEmptyView.m */; };
		A1FE75ED2366D48F00533E22 /* AliyunEmasServices-Info.plist in Resources */ = {isa = PBXBuildFile; fileRef = A1FE75EC2366D48F00533E22 /* AliyunEmasServices-Info.plist */; };
		ACD60D370E0ED04E96FF988E /* Pods_SDaccount.framework in Frameworks */ = {isa = PBXBuildFile; fileRef = F05746542E962966322BCB26 /* Pods_SDaccount.framework */; };
/* End PBXBuildFile section */

/* Begin PBXFileReference section */
		2B89C74C3ADA1440718224A9 /* Pods-SDaccount.release.xcconfig */ = {isa = PBXFileReference; includeInIndex = 1; lastKnownFileType = text.xcconfig; name = "Pods-SDaccount.release.xcconfig"; path = "Pods/Target Support Files/Pods-SDaccount/Pods-SDaccount.release.xcconfig"; sourceTree = "<group>"; };
		2D8E38C7F8D245C4B0C5FEBA /* Pods-SDaccount.debug.xcconfig */ = {isa = PBXFileReference; includeInIndex = 1; lastKnownFileType = text.xcconfig; name = "Pods-SDaccount.debug.xcconfig"; path = "Pods/Target Support Files/Pods-SDaccount/Pods-SDaccount.debug.xcconfig"; sourceTree = "<group>"; };
		A11060E423275650003F500D /* SDNaviController.h */ = {isa = PBXFileReference; lastKnownFileType = sourcecode.c.h; path = SDNaviController.h; sourceTree = "<group>"; };
		A11060E523275650003F500D /* SDNaviController.m */ = {isa = PBXFileReference; lastKnownFileType = sourcecode.c.objc; path = SDNaviController.m; sourceTree = "<group>"; };
		A11060E7232759BF003F500D /* SDWebViewController.h */ = {isa = PBXFileReference; lastKnownFileType = sourcecode.c.h; path = SDWebViewController.h; sourceTree = "<group>"; };
		A11060E8232759BF003F500D /* SDWebViewController.m */ = {isa = PBXFileReference; lastKnownFileType = sourcecode.c.objc; path = SDWebViewController.m; sourceTree = "<group>"; };
		A112CA23236436D70006ACAC /* UITableViewCell+SDStaticDataBinding.h */ = {isa = PBXFileReference; lastKnownFileType = sourcecode.c.h; path = "UITableViewCell+SDStaticDataBinding.h"; sourceTree = "<group>"; };
		A112CA24236436D70006ACAC /* UITableViewCell+SDStaticDataBinding.m */ = {isa = PBXFileReference; lastKnownFileType = sourcecode.c.objc; path = "UITableViewCell+SDStaticDataBinding.m"; sourceTree = "<group>"; };
		A112CA2623643F3E0006ACAC /* SDThemeTableViewCell.h */ = {isa = PBXFileReference; lastKnownFileType = sourcecode.c.h; path = SDThemeTableViewCell.h; sourceTree = "<group>"; };
		A112CA2723643F3E0006ACAC /* SDThemeTableViewCell.m */ = {isa = PBXFileReference; lastKnownFileType = sourcecode.c.objc; path = SDThemeTableViewCell.m; sourceTree = "<group>"; };
		A117B9E723255F1700D285FB /* SDaccount.app */ = {isa = PBXFileReference; explicitFileType = wrapper.application; includeInIndex = 0; path = SDaccount.app; sourceTree = BUILT_PRODUCTS_DIR; };
		A117B9EA23255F1700D285FB /* AppDelegate.h */ = {isa = PBXFileReference; lastKnownFileType = sourcecode.c.h; path = AppDelegate.h; sourceTree = "<group>"; };
		A117B9EB23255F1700D285FB /* AppDelegate.m */ = {isa = PBXFileReference; lastKnownFileType = sourcecode.c.objc; path = AppDelegate.m; sourceTree = "<group>"; };
		A117B9F323255F1900D285FB /* Assets.xcassets */ = {isa = PBXFileReference; lastKnownFileType = folder.assetcatalog; path = Assets.xcassets; sourceTree = "<group>"; };
		A117B9F623255F1900D285FB /* Base */ = {isa = PBXFileReference; lastKnownFileType = file.storyboard; name = Base; path = Base.lproj/LaunchScreen.storyboard; sourceTree = "<group>"; };
		A117B9F823255F1900D285FB /* Info.plist */ = {isa = PBXFileReference; lastKnownFileType = text.plist.xml; path = Info.plist; sourceTree = "<group>"; };
		A117B9F923255F1900D285FB /* main.m */ = {isa = PBXFileReference; lastKnownFileType = sourcecode.c.objc; path = main.m; sourceTree = "<group>"; };
		A117BA5C232577F200D285FB /* UINavigationBar+KMNavigationBarTransition_internal.h */ = {isa = PBXFileReference; fileEncoding = 4; lastKnownFileType = sourcecode.c.h; path = "UINavigationBar+KMNavigationBarTransition_internal.h"; sourceTree = "<group>"; };
		A117BA5D232577F200D285FB /* UIViewController+KMNavigationBarTransition.m */ = {isa = PBXFileReference; fileEncoding = 4; lastKnownFileType = sourcecode.c.objc; path = "UIViewController+KMNavigationBarTransition.m"; sourceTree = "<group>"; };
		A117BA5E232577F200D285FB /* UINavigationController+KMNavigationBarTransition.h */ = {isa = PBXFileReference; fileEncoding = 4; lastKnownFileType = sourcecode.c.h; path = "UINavigationController+KMNavigationBarTransition.h"; sourceTree = "<group>"; };
		A117BA5F232577F200D285FB /* UIScrollView+KMNavigationBarTransition.m */ = {isa = PBXFileReference; fileEncoding = 4; lastKnownFileType = sourcecode.c.objc; path = "UIScrollView+KMNavigationBarTransition.m"; sourceTree = "<group>"; };
		A117BA60232577F200D285FB /* KMNavigationBarTransition.h */ = {isa = PBXFileReference; fileEncoding = 4; lastKnownFileType = sourcecode.c.h; path = KMNavigationBarTransition.h; sourceTree = "<group>"; };
		A117BA61232577F200D285FB /* UIScrollView+KMNavigationBarTransition_internal.h */ = {isa = PBXFileReference; fileEncoding = 4; lastKnownFileType = sourcecode.c.h; path = "UIScrollView+KMNavigationBarTransition_internal.h"; sourceTree = "<group>"; };
		A117BA62232577F200D285FB /* NSObject+KMNavigationBarTransition.h */ = {isa = PBXFileReference; fileEncoding = 4; lastKnownFileType = sourcecode.c.h; path = "NSObject+KMNavigationBarTransition.h"; sourceTree = "<group>"; };
		A117BA63232577F200D285FB /* KMSwizzle.h */ = {isa = PBXFileReference; fileEncoding = 4; lastKnownFileType = sourcecode.c.h; path = KMSwizzle.h; sourceTree = "<group>"; };
		A117BA64232577F200D285FB /* KMWeakObjectContainer.m */ = {isa = PBXFileReference; fileEncoding = 4; lastKnownFileType = sourcecode.c.objc; path = KMWeakObjectContainer.m; sourceTree = "<group>"; };
		A117BA65232577F200D285FB /* UINavigationBar+KMNavigationBarTransition.m */ = {isa = PBXFileReference; fileEncoding = 4; lastKnownFileType = sourcecode.c.objc; path = "UINavigationBar+KMNavigationBarTransition.m"; sourceTree = "<group>"; };
		A117BA66232577F200D285FB /* UINavigationController+KMNavigationBarTransition_internal.h */ = {isa = PBXFileReference; fileEncoding = 4; lastKnownFileType = sourcecode.c.h; path = "UINavigationController+KMNavigationBarTransition_internal.h"; sourceTree = "<group>"; };
		A117BA67232577F200D285FB /* UIViewController+KMNavigationBarTransition.h */ = {isa = PBXFileReference; fileEncoding = 4; lastKnownFileType = sourcecode.c.h; path = "UIViewController+KMNavigationBarTransition.h"; sourceTree = "<group>"; };
		A117BA68232577F200D285FB /* UIViewController+KMNavigationBarTransition_internal.h */ = {isa = PBXFileReference; fileEncoding = 4; lastKnownFileType = sourcecode.c.h; path = "UIViewController+KMNavigationBarTransition_internal.h"; sourceTree = "<group>"; };
		A117BA69232577F200D285FB /* UINavigationController+KMNavigationBarTransition.m */ = {isa = PBXFileReference; fileEncoding = 4; lastKnownFileType = sourcecode.c.objc; path = "UINavigationController+KMNavigationBarTransition.m"; sourceTree = "<group>"; };
		A117BA6A232577F200D285FB /* KMSwizzle.m */ = {isa = PBXFileReference; fileEncoding = 4; lastKnownFileType = sourcecode.c.objc; path = KMSwizzle.m; sourceTree = "<group>"; };
		A117BA6B232577F300D285FB /* KMWeakObjectContainer.h */ = {isa = PBXFileReference; fileEncoding = 4; lastKnownFileType = sourcecode.c.h; path = KMWeakObjectContainer.h; sourceTree = "<group>"; };
		A117BA6C232577F300D285FB /* NSObject+KMNavigationBarTransition.m */ = {isa = PBXFileReference; fileEncoding = 4; lastKnownFileType = sourcecode.c.objc; path = "NSObject+KMNavigationBarTransition.m"; sourceTree = "<group>"; };
		A117BA6D232577F300D285FB /* UIScrollView+KMNavigationBarTransition.h */ = {isa = PBXFileReference; fileEncoding = 4; lastKnownFileType = sourcecode.c.h; path = "UIScrollView+KMNavigationBarTransition.h"; sourceTree = "<group>"; };
		A117BA6E232577F300D285FB /* UINavigationBar+KMNavigationBarTransition.h */ = {isa = PBXFileReference; fileEncoding = 4; lastKnownFileType = sourcecode.c.h; path = "UINavigationBar+KMNavigationBarTransition.h"; sourceTree = "<group>"; };
		A117BA762326562500D285FB /* PrefixHeader.pch */ = {isa = PBXFileReference; lastKnownFileType = sourcecode.c.h; path = PrefixHeader.pch; sourceTree = "<group>"; };
		A117BA7B23267A2900D285FB /* SDBaseViewController.h */ = {isa = PBXFileReference; lastKnownFileType = sourcecode.c.h; path = SDBaseViewController.h; sourceTree = "<group>"; };
		A117BA7C23267A2900D285FB /* SDBaseViewController.m */ = {isa = PBXFileReference; lastKnownFileType = sourcecode.c.objc; path = SDBaseViewController.m; sourceTree = "<group>"; };
		A117BA842326A57900D285FB /* QMUIConfigurationTemplate.h */ = {isa = PBXFileReference; fileEncoding = 4; lastKnownFileType = sourcecode.c.h; path = QMUIConfigurationTemplate.h; sourceTree = "<group>"; };
		A117BA852326A57900D285FB /* QMUIConfigurationTemplate.m */ = {isa = PBXFileReference; fileEncoding = 4; lastKnownFileType = sourcecode.c.objc; path = QMUIConfigurationTemplate.m; sourceTree = "<group>"; };
		A117BA872326A75500D285FB /* Macro.h */ = {isa = PBXFileReference; lastKnownFileType = sourcecode.c.h; path = Macro.h; sourceTree = "<group>"; };
		A117BA882326A77000D285FB /* Notifications.h */ = {isa = PBXFileReference; lastKnownFileType = sourcecode.c.h; path = Notifications.h; sourceTree = "<group>"; };
		A117BA892326A7C700D285FB /* SDUtil.h */ = {isa = PBXFileReference; lastKnownFileType = sourcecode.c.h; path = SDUtil.h; sourceTree = "<group>"; };
		A117BA8A2326A7C700D285FB /* SDUtil.m */ = {isa = PBXFileReference; lastKnownFileType = sourcecode.c.objc; path = SDUtil.m; sourceTree = "<group>"; };
		A1191AE023470E5C007542C2 /* Categories.plist */ = {isa = PBXFileReference; lastKnownFileType = text.plist.xml; path = Categories.plist; sourceTree = "<group>"; };
		A1191AE2234716A7007542C2 /* SDLocation.h */ = {isa = PBXFileReference; lastKnownFileType = sourcecode.c.h; path = SDLocation.h; sourceTree = "<group>"; };
		A1191AE3234716A7007542C2 /* SDLocation.mm */ = {isa = PBXFileReference; lastKnownFileType = sourcecode.cpp.objcpp; path = SDLocation.mm; sourceTree = "<group>"; };
		A1191AE523471F38007542C2 /* SDLocation+WCTTableCoding.h */ = {isa = PBXFileReference; lastKnownFileType = sourcecode.c.h; path = "SDLocation+WCTTableCoding.h"; sourceTree = "<group>"; };
		A1191AE823472002007542C2 /* SDItem.h */ = {isa = PBXFileReference; lastKnownFileType = sourcecode.c.h; path = SDItem.h; sourceTree = "<group>"; };
		A1191AE923472002007542C2 /* SDItem.mm */ = {isa = PBXFileReference; lastKnownFileType = sourcecode.cpp.objcpp; path = SDItem.mm; sourceTree = "<group>"; };
		A137713B233EB61600263482 /* SDThemeGreen.h */ = {isa = PBXFileReference; lastKnownFileType = sourcecode.c.h; path = SDThemeGreen.h; sourceTree = "<group>"; };
		A137713C233EB61600263482 /* SDThemeGreen.m */ = {isa = PBXFileReference; lastKnownFileType = sourcecode.c.objc; path = SDThemeGreen.m; sourceTree = "<group>"; };
		A137713E233EB75600263482 /* SDThemeBlue.h */ = {isa = PBXFileReference; lastKnownFileType = sourcecode.c.h; path = SDThemeBlue.h; sourceTree = "<group>"; };
		A137713F233EB75600263482 /* SDThemeBlue.m */ = {isa = PBXFileReference; lastKnownFileType = sourcecode.c.objc; path = SDThemeBlue.m; sourceTree = "<group>"; };
		A1377141233EB76300263482 /* SDThemeRed.h */ = {isa = PBXFileReference; lastKnownFileType = sourcecode.c.h; path = SDThemeRed.h; sourceTree = "<group>"; };
		A1377142233EB76300263482 /* SDThemeRed.m */ = {isa = PBXFileReference; lastKnownFileType = sourcecode.c.objc; path = SDThemeRed.m; sourceTree = "<group>"; };
		A1377144233EB77600263482 /* SDThemePurple.h */ = {isa = PBXFileReference; lastKnownFileType = sourcecode.c.h; path = SDThemePurple.h; sourceTree = "<group>"; };
		A1377145233EB77600263482 /* SDThemePurple.m */ = {isa = PBXFileReference; lastKnownFileType = sourcecode.c.objc; path = SDThemePurple.m; sourceTree = "<group>"; };
		A1377147233EBCCF00263482 /* SDThemeDefault.h */ = {isa = PBXFileReference; lastKnownFileType = sourcecode.c.h; path = SDThemeDefault.h; sourceTree = "<group>"; };
		A1377148233EBCCF00263482 /* SDThemeDefault.m */ = {isa = PBXFileReference; lastKnownFileType = sourcecode.c.objc; path = SDThemeDefault.m; sourceTree = "<group>"; };
		A137714A233ECCE200263482 /* SDTimeCenter.h */ = {isa = PBXFileReference; lastKnownFileType = sourcecode.c.h; path = SDTimeCenter.h; sourceTree = "<group>"; };
		A137714B233ECCE200263482 /* SDTimeCenter.m */ = {isa = PBXFileReference; lastKnownFileType = sourcecode.c.objc; path = SDTimeCenter.m; sourceTree = "<group>"; };
		A1377153233F6F1800263482 /* SDDBManager.h */ = {isa = PBXFileReference; lastKnownFileType = sourcecode.c.h; path = SDDBManager.h; sourceTree = "<group>"; };
		A1377154233F6F1800263482 /* SDDBManager.mm */ = {isa = PBXFileReference; lastKnownFileType = sourcecode.cpp.objcpp; path = SDDBManager.mm; sourceTree = "<group>"; };
		A1377156234031CB00263482 /* SDCategoryService.h */ = {isa = PBXFileReference; lastKnownFileType = sourcecode.c.h; path = SDCategoryService.h; sourceTree = "<group>"; };
		A1377157234031CB00263482 /* SDCategoryService.mm */ = {isa = PBXFileReference; lastKnownFileType = sourcecode.cpp.objcpp; path = SDCategoryService.mm; sourceTree = "<group>"; };
		A137715923405DC100263482 /* SDCategory.h */ = {isa = PBXFileReference; lastKnownFileType = sourcecode.c.h; path = SDCategory.h; sourceTree = "<group>"; };
		A137715A23405DC100263482 /* SDCategory.mm */ = {isa = PBXFileReference; lastKnownFileType = sourcecode.cpp.objcpp; path = SDCategory.mm; sourceTree = "<group>"; };
		A137716323406C3700263482 /* SDCategory+WCTTableCoding.h */ = {isa = PBXFileReference; lastKnownFileType = sourcecode.c.h; path = "SDCategory+WCTTableCoding.h"; sourceTree = "<group>"; };
		A149147D233E04EE003F40F3 /* SDThemeProtocol.h */ = {isa = PBXFileReference; lastKnownFileType = sourcecode.c.h; path = SDThemeProtocol.h; sourceTree = "<group>"; };
		A149147F233E07BF003F40F3 /* SDThemeManager.h */ = {isa = PBXFileReference; lastKnownFileType = sourcecode.c.h; path = SDThemeManager.h; sourceTree = "<group>"; };
		A1491480233E07BF003F40F3 /* SDThemeManager.m */ = {isa = PBXFileReference; lastKnownFileType = sourcecode.c.objc; path = SDThemeManager.m; sourceTree = "<group>"; };
		A14A74652347267600DF2795 /* SDItem+WCTTableCoding.h */ = {isa = PBXFileReference; lastKnownFileType = sourcecode.c.h; path = "SDItem+WCTTableCoding.h"; sourceTree = "<group>"; };
		A14A746823472F0A00DF2795 /* SDLocationService.h */ = {isa = PBXFileReference; lastKnownFileType = sourcecode.c.h; path = SDLocationService.h; sourceTree = "<group>"; };
		A14A746923472F0A00DF2795 /* SDLocationService.mm */ = {isa = PBXFileReference; lastKnownFileType = sourcecode.cpp.objcpp; path = SDLocationService.mm; sourceTree = "<group>"; };
		A14A746B23472F2A00DF2795 /* SDItemService.h */ = {isa = PBXFileReference; lastKnownFileType = sourcecode.c.h; path = SDItemService.h; sourceTree = "<group>"; };
		A14A746C23472F2A00DF2795 /* SDItemService.mm */ = {isa = PBXFileReference; lastKnownFileType = sourcecode.cpp.objcpp; path = SDItemService.mm; sourceTree = "<group>"; };
		A16AFCED235E4D950031511F /* SDAppContext.h */ = {isa = PBXFileReference; lastKnownFileType = sourcecode.c.h; path = SDAppContext.h; sourceTree = "<group>"; };
		A16AFCEE235E4D950031511F /* SDAppContext.mm */ = {isa = PBXFileReference; lastKnownFileType = sourcecode.cpp.objcpp; path = SDAppContext.mm; sourceTree = "<group>"; };
		A16E703A23546BA800E5DB64 /* Locations.plist */ = {isa = PBXFileReference; lastKnownFileType = text.plist.xml; path = Locations.plist; sourceTree = "<group>"; };
		A16E70442354CBF100E5DB64 /* SDCategoryViewController.h */ = {isa = PBXFileReference; lastKnownFileType = sourcecode.c.h; path = SDCategoryViewController.h; sourceTree = "<group>"; };
		A16E70452354CBF100E5DB64 /* SDCategoryViewController.m */ = {isa = PBXFileReference; lastKnownFileType = sourcecode.c.objc; path = SDCategoryViewController.m; sourceTree = "<group>"; };
		A16E70472354CCF600E5DB64 /* SDListViewController.h */ = {isa = PBXFileReference; lastKnownFileType = sourcecode.c.h; path = SDListViewController.h; sourceTree = "<group>"; };
		A16E70482354CCF600E5DB64 /* SDListViewController.m */ = {isa = PBXFileReference; lastKnownFileType = sourcecode.c.objc; path = SDListViewController.m; sourceTree = "<group>"; };
		A16E704A2354CE9900E5DB64 /* SDAddItemViewController.h */ = {isa = PBXFileReference; lastKnownFileType = sourcecode.c.h; path = SDAddItemViewController.h; sourceTree = "<group>"; };
		A16E704B2354CE9900E5DB64 /* SDAddItemViewController.m */ = {isa = PBXFileReference; lastKnownFileType = sourcecode.c.objc; path = SDAddItemViewController.m; sourceTree = "<group>"; };
		A16E704D2354CFB500E5DB64 /* SDReportViewController.h */ = {isa = PBXFileReference; lastKnownFileType = sourcecode.c.h; path = SDReportViewController.h; sourceTree = "<group>"; };
		A16E704E2354CFB500E5DB64 /* SDReportViewController.m */ = {isa = PBXFileReference; lastKnownFileType = sourcecode.c.objc; path = SDReportViewController.m; sourceTree = "<group>"; };
		A16E70502354CFF100E5DB64 /* SDCategoryDetailViewController.h */ = {isa = PBXFileReference; lastKnownFileType = sourcecode.c.h; path = SDCategoryDetailViewController.h; sourceTree = "<group>"; };
		A16E70512354CFF100E5DB64 /* SDCategoryDetailViewController.m */ = {isa = PBXFileReference; lastKnownFileType = sourcecode.c.objc; path = SDCategoryDetailViewController.m; sourceTree = "<group>"; };
		A16E70532354D06000E5DB64 /* Library.html */ = {isa = PBXFileReference; fileEncoding = 4; lastKnownFileType = text.html; path = Library.html; sourceTree = "<group>"; };
		A16E70552354D20800E5DB64 /* SDMoreViewController.h */ = {isa = PBXFileReference; lastKnownFileType = sourcecode.c.h; path = SDMoreViewController.h; sourceTree = "<group>"; };
		A16E70562354D20800E5DB64 /* SDMoreViewController.m */ = {isa = PBXFileReference; lastKnownFileType = sourcecode.c.objc; path = SDMoreViewController.m; sourceTree = "<group>"; };
		A16E70582354D21E00E5DB64 /* SDThemeViewController.h */ = {isa = PBXFileReference; lastKnownFileType = sourcecode.c.h; path = SDThemeViewController.h; sourceTree = "<group>"; };
		A16E70592354D21F00E5DB64 /* SDThemeViewController.m */ = {isa = PBXFileReference; lastKnownFileType = sourcecode.c.objc; path = SDThemeViewController.m; sourceTree = "<group>"; };
		A16E705B2354D25100E5DB64 /* SDAboutViewController.h */ = {isa = PBXFileReference; lastKnownFileType = sourcecode.c.h; path = SDAboutViewController.h; sourceTree = "<group>"; };
		A16E705C2354D25100E5DB64 /* SDAboutViewController.m */ = {isa = PBXFileReference; lastKnownFileType = sourcecode.c.objc; path = SDAboutViewController.m; sourceTree = "<group>"; };
		A16E705D2354D25100E5DB64 /* SDAboutViewController.xib */ = {isa = PBXFileReference; lastKnownFileType = file.xib; path = SDAboutViewController.xib; sourceTree = "<group>"; };
		A16E70602354D47700E5DB64 /* SDTabViewController.h */ = {isa = PBXFileReference; lastKnownFileType = sourcecode.c.h; path = SDTabViewController.h; sourceTree = "<group>"; };
		A16E70612354D47700E5DB64 /* SDTabViewController.m */ = {isa = PBXFileReference; lastKnownFileType = sourcecode.c.objc; path = SDTabViewController.m; sourceTree = "<group>"; };
		A16E70632354D49600E5DB64 /* SDTabBarItem.h */ = {isa = PBXFileReference; lastKnownFileType = sourcecode.c.h; path = SDTabBarItem.h; sourceTree = "<group>"; };
		A16E70642354D49600E5DB64 /* SDTabBarItem.m */ = {isa = PBXFileReference; lastKnownFileType = sourcecode.c.objc; path = SDTabBarItem.m; sourceTree = "<group>"; };
		A17E2FED236BCFD500F16570 /* SDAddress.h */ = {isa = PBXFileReference; lastKnownFileType = sourcecode.c.h; path = SDAddress.h; sourceTree = "<group>"; };
		A17E2FEE236BCFD500F16570 /* SDAddress.mm */ = {isa = PBXFileReference; lastKnownFileType = sourcecode.cpp.objcpp; path = SDAddress.mm; sourceTree = "<group>"; };
		A1807C462362348A0079F25B /* SDaccount.entitlements */ = {isa = PBXFileReference; lastKnownFileType = text.plist.entitlements; path = SDaccount.entitlements; sourceTree = "<group>"; };
		A1807C4923641D0E0079F25B /* SDStaticTableCellData.h */ = {isa = PBXFileReference; lastKnownFileType = sourcecode.c.h; path = SDStaticTableCellData.h; sourceTree = "<group>"; };
		A1807C4A23641D0E0079F25B /* SDStaticTableCellData.m */ = {isa = PBXFileReference; lastKnownFileType = sourcecode.c.objc; path = SDStaticTableCellData.m; sourceTree = "<group>"; };
		A1807C4C23641D270079F25B /* SDStaticTableSectionData.h */ = {isa = PBXFileReference; lastKnownFileType = sourcecode.c.h; path = SDStaticTableSectionData.h; sourceTree = "<group>"; };
		A1807C4D23641D270079F25B /* SDStaticTableSectionData.m */ = {isa = PBXFileReference; lastKnownFileType = sourcecode.c.objc; path = SDStaticTableSectionData.m; sourceTree = "<group>"; };
		A18AF35D23D0733000B31A14 /* Room.plist */ = {isa = PBXFileReference; fileEncoding = 4; lastKnownFileType = text.plist.xml; path = Room.plist; sourceTree = "<group>"; };
		A1996360236AFF06004392EF /* SDRoom.h */ = {isa = PBXFileReference; lastKnownFileType = sourcecode.c.h; path = SDRoom.h; sourceTree = "<group>"; };
		A1996361236AFF06004392EF /* SDRoom.mm */ = {isa = PBXFileReference; lastKnownFileType = sourcecode.cpp.objcpp; path = SDRoom.mm; sourceTree = "<group>"; };
		A1B112F3236D2E0D00E49281 /* SDRoom+WCTTableCoding.h */ = {isa = PBXFileReference; lastKnownFileType = sourcecode.c.h; path = "SDRoom+WCTTableCoding.h"; sourceTree = "<group>"; };
		A1B112F6236D2F1A00E49281 /* SDAddress+WCTTableCoding.h */ = {isa = PBXFileReference; lastKnownFileType = sourcecode.c.h; path = "SDAddress+WCTTableCoding.h"; sourceTree = "<group>"; };
		A1BF46C02358E15A00370D21 /* SDAddItemPresenter.h */ = {isa = PBXFileReference; lastKnownFileType = sourcecode.c.h; path = SDAddItemPresenter.h; sourceTree = "<group>"; };
		A1BF46C12358E15A00370D21 /* SDAddItemPresenter.m */ = {isa = PBXFileReference; lastKnownFileType = sourcecode.c.objc; path = SDAddItemPresenter.m; sourceTree = "<group>"; };
		A1CCF204236DA6D500E3F6D1 /* SDRoomService.h */ = {isa = PBXFileReference; lastKnownFileType = sourcecode.c.h; path = SDRoomService.h; sourceTree = "<group>"; };
		A1CCF205236DA6D500E3F6D1 /* SDRoomService.mm */ = {isa = PBXFileReference; lastKnownFileType = sourcecode.cpp.objcpp; path = SDRoomService.mm; sourceTree = "<group>"; };
		A1CCF207236DA6EA00E3F6D1 /* SDAddressService.h */ = {isa = PBXFileReference; lastKnownFileType = sourcecode.c.h; path = SDAddressService.h; sourceTree = "<group>"; };
		A1CCF208236DA6EA00E3F6D1 /* SDAddressService.mm */ = {isa = PBXFileReference; lastKnownFileType = sourcecode.cpp.objcpp; path = SDAddressService.mm; sourceTree = "<group>"; };
		A1F0A27B23FD6D8B00EB9BA4 /* SDBillListEmptyView.h */ = {isa = PBXFileReference; lastKnownFileType = sourcecode.c.h; path = SDBillListEmptyView.h; sourceTree = "<group>"; };
		A1F0A27C23FD6D8B00EB9BA4 /* SDBillListEmptyView.m */ = {isa = PBXFileReference; lastKnownFileType = sourcecode.c.objc; path = SDBillListEmptyView.m; sourceTree = "<group>"; };
		A1FE75EC2366D48F00533E22 /* AliyunEmasServices-Info.plist */ = {isa = PBXFileReference; fileEncoding = 4; lastKnownFileType = text.plist.xml; path = "AliyunEmasServices-Info.plist"; sourceTree = "<group>"; };
		F05746542E962966322BCB26 /* Pods_SDaccount.framework */ = {isa = PBXFileReference; explicitFileType = wrapper.framework; includeInIndex = 0; path = Pods_SDaccount.framework; sourceTree = BUILT_PRODUCTS_DIR; };
/* End PBXFileReference section */

/* Begin PBXFrameworksBuildPhase section */
		A117B9E423255F1700D285FB /* Frameworks */ = {
			isa = PBXFrameworksBuildPhase;
			buildActionMask = 2147483647;
			files = (
				ACD60D370E0ED04E96FF988E /* Pods_SDaccount.framework in Frameworks */,
			);
			runOnlyForDeploymentPostprocessing = 0;
		};
/* End PBXFrameworksBuildPhase section */

/* Begin PBXGroup section */
		4E250F8CF4E14C55C1829591 /* Pods */ = {
			isa = PBXGroup;
			children = (
				2D8E38C7F8D245C4B0C5FEBA /* Pods-SDaccount.debug.xcconfig */,
				2B89C74C3ADA1440718224A9 /* Pods-SDaccount.release.xcconfig */,
			);
			name = Pods;
			sourceTree = "<group>";
		};
		A117B9DE23255F1700D285FB = {
			isa = PBXGroup;
			children = (
				A117B9E923255F1700D285FB /* SDaccount */,
				A117B9E823255F1700D285FB /* Products */,
				4E250F8CF4E14C55C1829591 /* Pods */,
				CDB950EAE664A2936067FDB0 /* Frameworks */,
			);
			sourceTree = "<group>";
		};
		A117B9E823255F1700D285FB /* Products */ = {
			isa = PBXGroup;
			children = (
				A117B9E723255F1700D285FB /* SDaccount.app */,
			);
			name = Products;
			sourceTree = "<group>";
		};
		A117B9E923255F1700D285FB /* SDaccount */ = {
			isa = PBXGroup;
			children = (
				A117BA0023255F4E00D285FB /* AppDelegate */,
				A117BA01232572FE00D285FB /* Main Tabs */,
				A117BA022325731100D285FB /* List Tab */,
				A117BA032325731A00D285FB /* Category Tab */,
				A117BA062325733F00D285FB /* AddItem Tab */,
				A117BA052325733B00D285FB /* Report Tab */,
				A117BA042325733600D285FB /* More Tab */,
				A117BA0C2325741300D285FB /* Database */,
				A117BA0E2325742600D285FB /* Model */,
				A117BA0D2325741C00D285FB /* Service */,
				A117BA14232575DB00D285FB /* Lib */,
				A117BA13232575CB00D285FB /* Common */,
				A117BA772326794300D285FB /* Appkit */,
				A117BA0F2325744C00D285FB /* Resource */,
				A117BA102325747B00D285FB /* Supporting Files */,
			);
			path = SDaccount;
			sourceTree = "<group>";
		};
		A117BA0023255F4E00D285FB /* AppDelegate */ = {
			isa = PBXGroup;
			children = (
				A117B9EA23255F1700D285FB /* AppDelegate.h */,
				A117B9EB23255F1700D285FB /* AppDelegate.m */,
			);
			path = AppDelegate;
			sourceTree = "<group>";
		};
		A117BA01232572FE00D285FB /* Main Tabs */ = {
			isa = PBXGroup;
			children = (
				A16E70602354D47700E5DB64 /* SDTabViewController.h */,
				A16E70612354D47700E5DB64 /* SDTabViewController.m */,
				A16E70662354D49B00E5DB64 /* View */,
			);
			path = "Main Tabs";
			sourceTree = "<group>";
		};
		A117BA022325731100D285FB /* List Tab */ = {
			isa = PBXGroup;
			children = (
				A117BA0B232573F600D285FB /* View */,
				A16E70472354CCF600E5DB64 /* SDListViewController.h */,
				A16E70482354CCF600E5DB64 /* SDListViewController.m */,
			);
			path = "List Tab";
			sourceTree = "<group>";
		};
		A117BA032325731A00D285FB /* Category Tab */ = {
			isa = PBXGroup;
			children = (
				A117BA0A232573DB00D285FB /* View */,
				A16E70442354CBF100E5DB64 /* SDCategoryViewController.h */,
				A16E70452354CBF100E5DB64 /* SDCategoryViewController.m */,
			);
			path = "Category Tab";
			sourceTree = "<group>";
		};
		A117BA042325733600D285FB /* More Tab */ = {
			isa = PBXGroup;
			children = (
				A117BA07232573C900D285FB /* View */,
				A1807C4823641CE10079F25B /* model */,
				A16E70552354D20800E5DB64 /* SDMoreViewController.h */,
				A16E70562354D20800E5DB64 /* SDMoreViewController.m */,
				A16E70582354D21E00E5DB64 /* SDThemeViewController.h */,
				A16E70592354D21F00E5DB64 /* SDThemeViewController.m */,
				A16E705B2354D25100E5DB64 /* SDAboutViewController.h */,
				A16E705C2354D25100E5DB64 /* SDAboutViewController.m */,
				A16E705D2354D25100E5DB64 /* SDAboutViewController.xib */,
			);
			path = "More Tab";
			sourceTree = "<group>";
		};
		A117BA052325733B00D285FB /* Report Tab */ = {
			isa = PBXGroup;
			children = (
				A117BA08232573D400D285FB /* View */,
				A16E704D2354CFB500E5DB64 /* SDReportViewController.h */,
				A16E704E2354CFB500E5DB64 /* SDReportViewController.m */,
				A16E70502354CFF100E5DB64 /* SDCategoryDetailViewController.h */,
				A16E70512354CFF100E5DB64 /* SDCategoryDetailViewController.m */,
			);
			name = "Report Tab";
			sourceTree = "<group>";
		};
		A117BA062325733F00D285FB /* AddItem Tab */ = {
			isa = PBXGroup;
			children = (
				A117BA09232573D800D285FB /* View */,
				A16E704A2354CE9900E5DB64 /* SDAddItemViewController.h */,
				A16E704B2354CE9900E5DB64 /* SDAddItemViewController.m */,
				A1BF46C02358E15A00370D21 /* SDAddItemPresenter.h */,
				A1BF46C12358E15A00370D21 /* SDAddItemPresenter.m */,
			);
			path = "AddItem Tab";
			sourceTree = "<group>";
		};
		A117BA07232573C900D285FB /* View */ = {
			isa = PBXGroup;
			children = (
				A112CA23236436D70006ACAC /* UITableViewCell+SDStaticDataBinding.h */,
				A112CA24236436D70006ACAC /* UITableViewCell+SDStaticDataBinding.m */,
				A112CA2623643F3E0006ACAC /* SDThemeTableViewCell.h */,
				A112CA2723643F3E0006ACAC /* SDThemeTableViewCell.m */,
			);
			path = View;
			sourceTree = "<group>";
		};
		A117BA08232573D400D285FB /* View */ = {
			isa = PBXGroup;
			children = (
			);
			name = View;
			sourceTree = "<group>";
		};
		A117BA09232573D800D285FB /* View */ = {
			isa = PBXGroup;
			children = (
			);
			path = View;
			sourceTree = "<group>";
		};
		A117BA0A232573DB00D285FB /* View */ = {
			isa = PBXGroup;
			children = (
			);
			path = View;
			sourceTree = "<group>";
		};
		A117BA0B232573F600D285FB /* View */ = {
			isa = PBXGroup;
			children = (
				A1F0A27B23FD6D8B00EB9BA4 /* SDBillListEmptyView.h */,
				A1F0A27C23FD6D8B00EB9BA4 /* SDBillListEmptyView.m */,
			);
			path = View;
			sourceTree = "<group>";
		};
		A117BA0C2325741300D285FB /* Database */ = {
			isa = PBXGroup;
			children = (
				A1377153233F6F1800263482 /* SDDBManager.h */,
				A1377154233F6F1800263482 /* SDDBManager.mm */,
			);
			path = Database;
			sourceTree = "<group>";
		};
		A117BA0D2325741C00D285FB /* Service */ = {
			isa = PBXGroup;
			children = (
				A1377156234031CB00263482 /* SDCategoryService.h */,
				A1377157234031CB00263482 /* SDCategoryService.mm */,
				A14A746823472F0A00DF2795 /* SDLocationService.h */,
				A14A746923472F0A00DF2795 /* SDLocationService.mm */,
				A1CCF204236DA6D500E3F6D1 /* SDRoomService.h */,
				A1CCF205236DA6D500E3F6D1 /* SDRoomService.mm */,
				A1CCF207236DA6EA00E3F6D1 /* SDAddressService.h */,
				A1CCF208236DA6EA00E3F6D1 /* SDAddressService.mm */,
				A14A746B23472F2A00DF2795 /* SDItemService.h */,
				A14A746C23472F2A00DF2795 /* SDItemService.mm */,
			);
			path = Service;
			sourceTree = "<group>";
		};
		A117BA0E2325742600D285FB /* Model */ = {
			isa = PBXGroup;
			children = (
				A137715923405DC100263482 /* SDCategory.h */,
				A137715A23405DC100263482 /* SDCategory.mm */,
				A137716323406C3700263482 /* SDCategory+WCTTableCoding.h */,
				A1191AE2234716A7007542C2 /* SDLocation.h */,
				A1191AE3234716A7007542C2 /* SDLocation.mm */,
				A1191AE523471F38007542C2 /* SDLocation+WCTTableCoding.h */,
				A1996360236AFF06004392EF /* SDRoom.h */,
				A1996361236AFF06004392EF /* SDRoom.mm */,
				A1B112F3236D2E0D00E49281 /* SDRoom+WCTTableCoding.h */,
				A17E2FED236BCFD500F16570 /* SDAddress.h */,
				A17E2FEE236BCFD500F16570 /* SDAddress.mm */,
				A1B112F6236D2F1A00E49281 /* SDAddress+WCTTableCoding.h */,
				A1191AE823472002007542C2 /* SDItem.h */,
				A1191AE923472002007542C2 /* SDItem.mm */,
				A14A74652347267600DF2795 /* SDItem+WCTTableCoding.h */,
			);
			path = Model;
			sourceTree = "<group>";
		};
		A117BA0F2325744C00D285FB /* Resource */ = {
			isa = PBXGroup;
			children = (
				A117B9F323255F1900D285FB /* Assets.xcassets */,
				A1191AE023470E5C007542C2 /* Categories.plist */,
				A16E703A23546BA800E5DB64 /* Locations.plist */,
				A18AF35D23D0733000B31A14 /* Room.plist */,
				A16E70532354D06000E5DB64 /* Library.html */,
			);
			path = Resource;
			sourceTree = "<group>";
		};
		A117BA102325747B00D285FB /* Supporting Files */ = {
			isa = PBXGroup;
			children = (
				A117B9F523255F1900D285FB /* LaunchScreen.storyboard */,
				A117B9F823255F1900D285FB /* Info.plist */,
				A117B9F923255F1900D285FB /* main.m */,
				A1807C462362348A0079F25B /* SDaccount.entitlements */,
				A1FE75EC2366D48F00533E22 /* AliyunEmasServices-Info.plist */,
			);
			path = "Supporting Files";
			sourceTree = "<group>";
		};
		A117BA13232575CB00D285FB /* Common */ = {
			isa = PBXGroup;
			children = (
				A117BA762326562500D285FB /* PrefixHeader.pch */,
				A117BA872326A75500D285FB /* Macro.h */,
				A117BA882326A77000D285FB /* Notifications.h */,
				A117BA892326A7C700D285FB /* SDUtil.h */,
				A117BA8A2326A7C700D285FB /* SDUtil.m */,
			);
			path = Common;
			sourceTree = "<group>";
		};
		A117BA14232575DB00D285FB /* Lib */ = {
			isa = PBXGroup;
			children = (
				A117BA5B232577F200D285FB /* KMNavigationBarTransition */,
			);
			path = Lib;
			sourceTree = "<group>";
		};
		A117BA5B232577F200D285FB /* KMNavigationBarTransition */ = {
			isa = PBXGroup;
			children = (
				A117BA5C232577F200D285FB /* UINavigationBar+KMNavigationBarTransition_internal.h */,
				A117BA5D232577F200D285FB /* UIViewController+KMNavigationBarTransition.m */,
				A117BA5E232577F200D285FB /* UINavigationController+KMNavigationBarTransition.h */,
				A117BA5F232577F200D285FB /* UIScrollView+KMNavigationBarTransition.m */,
				A117BA60232577F200D285FB /* KMNavigationBarTransition.h */,
				A117BA61232577F200D285FB /* UIScrollView+KMNavigationBarTransition_internal.h */,
				A117BA62232577F200D285FB /* NSObject+KMNavigationBarTransition.h */,
				A117BA63232577F200D285FB /* KMSwizzle.h */,
				A117BA64232577F200D285FB /* KMWeakObjectContainer.m */,
				A117BA65232577F200D285FB /* UINavigationBar+KMNavigationBarTransition.m */,
				A117BA66232577F200D285FB /* UINavigationController+KMNavigationBarTransition_internal.h */,
				A117BA67232577F200D285FB /* UIViewController+KMNavigationBarTransition.h */,
				A117BA68232577F200D285FB /* UIViewController+KMNavigationBarTransition_internal.h */,
				A117BA69232577F200D285FB /* UINavigationController+KMNavigationBarTransition.m */,
				A117BA6A232577F200D285FB /* KMSwizzle.m */,
				A117BA6B232577F300D285FB /* KMWeakObjectContainer.h */,
				A117BA6C232577F300D285FB /* NSObject+KMNavigationBarTransition.m */,
				A117BA6D232577F300D285FB /* UIScrollView+KMNavigationBarTransition.h */,
				A117BA6E232577F300D285FB /* UINavigationBar+KMNavigationBarTransition.h */,
			);
			path = KMNavigationBarTransition;
			sourceTree = "<group>";
		};
		A117BA772326794300D285FB /* Appkit */ = {
			isa = PBXGroup;
			children = (
				A16AFCED235E4D950031511F /* SDAppContext.h */,
				A16AFCEE235E4D950031511F /* SDAppContext.mm */,
				A117BA7A2326799600D285FB /* Time */,
				A117BA792326798C00D285FB /* Theme */,
				A117BA782326798500D285FB /* UI */,
			);
			path = Appkit;
			sourceTree = "<group>";
		};
		A117BA782326798500D285FB /* UI */ = {
			isa = PBXGroup;
			children = (
				A117BA7B23267A2900D285FB /* SDBaseViewController.h */,
				A117BA7C23267A2900D285FB /* SDBaseViewController.m */,
				A11060E7232759BF003F500D /* SDWebViewController.h */,
				A11060E8232759BF003F500D /* SDWebViewController.m */,
				A11060E423275650003F500D /* SDNaviController.h */,
				A11060E523275650003F500D /* SDNaviController.m */,
			);
			path = UI;
			sourceTree = "<group>";
		};
		A117BA792326798C00D285FB /* Theme */ = {
			isa = PBXGroup;
			children = (
				A149147D233E04EE003F40F3 /* SDThemeProtocol.h */,
				A149147F233E07BF003F40F3 /* SDThemeManager.h */,
				A1491480233E07BF003F40F3 /* SDThemeManager.m */,
				A1377147233EBCCF00263482 /* SDThemeDefault.h */,
				A1377148233EBCCF00263482 /* SDThemeDefault.m */,
				A137713B233EB61600263482 /* SDThemeGreen.h */,
				A137713C233EB61600263482 /* SDThemeGreen.m */,
				A137713E233EB75600263482 /* SDThemeBlue.h */,
				A137713F233EB75600263482 /* SDThemeBlue.m */,
				A1377141233EB76300263482 /* SDThemeRed.h */,
				A1377142233EB76300263482 /* SDThemeRed.m */,
				A1377144233EB77600263482 /* SDThemePurple.h */,
				A1377145233EB77600263482 /* SDThemePurple.m */,
				A117BA842326A57900D285FB /* QMUIConfigurationTemplate.h */,
				A117BA852326A57900D285FB /* QMUIConfigurationTemplate.m */,
			);
			path = Theme;
			sourceTree = "<group>";
		};
		A117BA7A2326799600D285FB /* Time */ = {
			isa = PBXGroup;
			children = (
				A137714A233ECCE200263482 /* SDTimeCenter.h */,
				A137714B233ECCE200263482 /* SDTimeCenter.m */,
			);
			path = Time;
			sourceTree = "<group>";
		};
		A16E70662354D49B00E5DB64 /* View */ = {
			isa = PBXGroup;
			children = (
				A16E70632354D49600E5DB64 /* SDTabBarItem.h */,
				A16E70642354D49600E5DB64 /* SDTabBarItem.m */,
			);
			path = View;
			sourceTree = "<group>";
		};
		A1807C4823641CE10079F25B /* model */ = {
			isa = PBXGroup;
			children = (
				A1807C4C23641D270079F25B /* SDStaticTableSectionData.h */,
				A1807C4D23641D270079F25B /* SDStaticTableSectionData.m */,
				A1807C4923641D0E0079F25B /* SDStaticTableCellData.h */,
				A1807C4A23641D0E0079F25B /* SDStaticTableCellData.m */,
			);
			path = model;
			sourceTree = "<group>";
		};
		CDB950EAE664A2936067FDB0 /* Frameworks */ = {
			isa = PBXGroup;
			children = (
				F05746542E962966322BCB26 /* Pods_SDaccount.framework */,
			);
			name = Frameworks;
			sourceTree = "<group>";
		};
/* End PBXGroup section */

/* Begin PBXNativeTarget section */
		A117B9E623255F1700D285FB /* SDaccount */ = {
			isa = PBXNativeTarget;
			buildConfigurationList = A117B9FD23255F1900D285FB /* Build configuration list for PBXNativeTarget "SDaccount" */;
			buildPhases = (
				FB43218FF37DBD9DBB6C4229 /* [CP] Check Pods Manifest.lock */,
				A117B9E323255F1700D285FB /* Sources */,
				A117B9E423255F1700D285FB /* Frameworks */,
				A117B9E523255F1700D285FB /* Resources */,
				779C402C96D79DB6B31CF187 /* [CP] Embed Pods Frameworks */,
				A5946B728A61C0612D817ECC /* [CP] Copy Pods Resources */,
			);
			buildRules = (
			);
			dependencies = (
			);
			name = SDaccount;
			productName = SDaccount;
			productReference = A117B9E723255F1700D285FB /* SDaccount.app */;
			productType = "com.apple.product-type.application";
		};
/* End PBXNativeTarget section */

/* Begin PBXProject section */
		A117B9DF23255F1700D285FB /* Project object */ = {
			isa = PBXProject;
			attributes = {
				LastUpgradeCheck = 1030;
				ORGANIZATIONNAME = PacmanSun;
				TargetAttributes = {
					A117B9E623255F1700D285FB = {
						CreatedOnToolsVersion = 10.3;
					};
				};
			};
			buildConfigurationList = A117B9E223255F1700D285FB /* Build configuration list for PBXProject "SDaccount" */;
			compatibilityVersion = "Xcode 9.3";
			developmentRegion = en;
			hasScannedForEncodings = 0;
			knownRegions = (
				en,
				Base,
			);
			mainGroup = A117B9DE23255F1700D285FB;
			productRefGroup = A117B9E823255F1700D285FB /* Products */;
			projectDirPath = "";
			projectRoot = "";
			targets = (
				A117B9E623255F1700D285FB /* SDaccount */,
			);
		};
/* End PBXProject section */

/* Begin PBXResourcesBuildPhase section */
		A117B9E523255F1700D285FB /* Resources */ = {
			isa = PBXResourcesBuildPhase;
			buildActionMask = 2147483647;
			files = (
				A16E705F2354D25100E5DB64 /* SDAboutViewController.xib in Resources */,
				A18AF35E23D0733000B31A14 /* Room.plist in Resources */,
				A16E70542354D06000E5DB64 /* Library.html in Resources */,
				A1191AE123470E5C007542C2 /* Categories.plist in Resources */,
				A117B9F723255F1900D285FB /* LaunchScreen.storyboard in Resources */,
				A16E703B23546BA800E5DB64 /* Locations.plist in Resources */,
				A117B9F423255F1900D285FB /* Assets.xcassets in Resources */,
				A1FE75ED2366D48F00533E22 /* AliyunEmasServices-Info.plist in Resources */,
			);
			runOnlyForDeploymentPostprocessing = 0;
		};
/* End PBXResourcesBuildPhase section */

/* Begin PBXShellScriptBuildPhase section */
		779C402C96D79DB6B31CF187 /* [CP] Embed Pods Frameworks */ = {
			isa = PBXShellScriptBuildPhase;
			buildActionMask = 2147483647;
			files = (
			);
			inputPaths = (
				"${SRCROOT}/Pods/Target Support Files/Pods-SDaccount/Pods-SDaccount-frameworks.sh",
				"${BUILT_PRODUCTS_DIR}/BEMCheckBox/BEMCheckBox.framework",
				"${BUILT_PRODUCTS_DIR}/Charts/Charts.framework",
				"${BUILT_PRODUCTS_DIR}/CocoaLumberjack/CocoaLumberjack.framework",
				"${BUILT_PRODUCTS_DIR}/FBRetainCycleDetector/FBRetainCycleDetector.framework",
				"${BUILT_PRODUCTS_DIR}/FLEX/FLEX.framework",
				"${BUILT_PRODUCTS_DIR}/KVOController/KVOController.framework",
				"${BUILT_PRODUCTS_DIR}/MLeaksFinder/MLeaksFinder.framework",
				"${BUILT_PRODUCTS_DIR}/Masonry/Masonry.framework",
				"${BUILT_PRODUCTS_DIR}/QMUIKit/QMUIKit.framework",
				"${BUILT_PRODUCTS_DIR}/RHKeyValueStore/RHKeyValueStore.framework",
				"${BUILT_PRODUCTS_DIR}/SQLiteRepairKit/sqliterk.framework",
				"${BUILT_PRODUCTS_DIR}/UICKeyChainStore/UICKeyChainStore.framework",
				"${BUILT_PRODUCTS_DIR}/WCDB/WCDB.framework",
				"${BUILT_PRODUCTS_DIR}/WCDBOptimizedSQLCipher/sqlcipher.framework",
				"${BUILT_PRODUCTS_DIR}/YYCategories/YYCategories.framework",
				"${BUILT_PRODUCTS_DIR}/YYModel/YYModel.framework",
			);
			name = "[CP] Embed Pods Frameworks";
			outputPaths = (
				"${TARGET_BUILD_DIR}/${FRAMEWORKS_FOLDER_PATH}/BEMCheckBox.framework",
				"${TARGET_BUILD_DIR}/${FRAMEWORKS_FOLDER_PATH}/Charts.framework",
				"${TARGET_BUILD_DIR}/${FRAMEWORKS_FOLDER_PATH}/CocoaLumberjack.framework",
				"${TARGET_BUILD_DIR}/${FRAMEWORKS_FOLDER_PATH}/FBRetainCycleDetector.framework",
				"${TARGET_BUILD_DIR}/${FRAMEWORKS_FOLDER_PATH}/FLEX.framework",
				"${TARGET_BUILD_DIR}/${FRAMEWORKS_FOLDER_PATH}/KVOController.framework",
				"${TARGET_BUILD_DIR}/${FRAMEWORKS_FOLDER_PATH}/MLeaksFinder.framework",
				"${TARGET_BUILD_DIR}/${FRAMEWORKS_FOLDER_PATH}/Masonry.framework",
				"${TARGET_BUILD_DIR}/${FRAMEWORKS_FOLDER_PATH}/QMUIKit.framework",
				"${TARGET_BUILD_DIR}/${FRAMEWORKS_FOLDER_PATH}/RHKeyValueStore.framework",
				"${TARGET_BUILD_DIR}/${FRAMEWORKS_FOLDER_PATH}/sqliterk.framework",
				"${TARGET_BUILD_DIR}/${FRAMEWORKS_FOLDER_PATH}/UICKeyChainStore.framework",
				"${TARGET_BUILD_DIR}/${FRAMEWORKS_FOLDER_PATH}/WCDB.framework",
				"${TARGET_BUILD_DIR}/${FRAMEWORKS_FOLDER_PATH}/sqlcipher.framework",
				"${TARGET_BUILD_DIR}/${FRAMEWORKS_FOLDER_PATH}/YYCategories.framework",
				"${TARGET_BUILD_DIR}/${FRAMEWORKS_FOLDER_PATH}/YYModel.framework",
			);
			runOnlyForDeploymentPostprocessing = 0;
			shellPath = /bin/sh;
			shellScript = "\"${SRCROOT}/Pods/Target Support Files/Pods-SDaccount/Pods-SDaccount-frameworks.sh\"\n";
			showEnvVarsInLog = 0;
		};
		A5946B728A61C0612D817ECC /* [CP] Copy Pods Resources */ = {
			isa = PBXShellScriptBuildPhase;
			buildActionMask = 2147483647;
			files = (
			);
			inputPaths = (
				"${SRCROOT}/Pods/Target Support Files/Pods-SDaccount/Pods-SDaccount-resources.sh",
				"${PODS_ROOT}/AlicloudFeedback/feedback/YWFeedbackBundle.bundle",
				"${PODS_ROOT}/ShareSDK3/SDK/ShareSDK/Support/Required/ShareSDK.bundle",
				"${PODS_ROOT}/ShareSDK3/SDK/ShareSDK/Support/PlatformSDK/SinaWeiboSDK/WeiboSDK.bundle",
				"${PODS_ROOT}/ShareSDK3/SDK/ShareSDK/Support/Optional/ShareSDKUI.bundle",
			);
			name = "[CP] Copy Pods Resources";
			outputPaths = (
				"${TARGET_BUILD_DIR}/${UNLOCALIZED_RESOURCES_FOLDER_PATH}/YWFeedbackBundle.bundle",
				"${TARGET_BUILD_DIR}/${UNLOCALIZED_RESOURCES_FOLDER_PATH}/ShareSDK.bundle",
				"${TARGET_BUILD_DIR}/${UNLOCALIZED_RESOURCES_FOLDER_PATH}/WeiboSDK.bundle",
				"${TARGET_BUILD_DIR}/${UNLOCALIZED_RESOURCES_FOLDER_PATH}/ShareSDKUI.bundle",
			);
			runOnlyForDeploymentPostprocessing = 0;
			shellPath = /bin/sh;
			shellScript = "\"${SRCROOT}/Pods/Target Support Files/Pods-SDaccount/Pods-SDaccount-resources.sh\"\n";
			showEnvVarsInLog = 0;
		};
		FB43218FF37DBD9DBB6C4229 /* [CP] Check Pods Manifest.lock */ = {
			isa = PBXShellScriptBuildPhase;
			buildActionMask = 2147483647;
			files = (
			);
			inputPaths = (
				"${PODS_PODFILE_DIR_PATH}/Podfile.lock",
				"${PODS_ROOT}/Manifest.lock",
			);
			name = "[CP] Check Pods Manifest.lock";
			outputPaths = (
				"$(DERIVED_FILE_DIR)/Pods-SDaccount-checkManifestLockResult.txt",
			);
			runOnlyForDeploymentPostprocessing = 0;
			shellPath = /bin/sh;
			shellScript = "diff \"${PODS_PODFILE_DIR_PATH}/Podfile.lock\" \"${PODS_ROOT}/Manifest.lock\" > /dev/null\nif [ $? != 0 ] ; then\n    # print error to STDERR\n    echo \"error: The sandbox is not in sync with the Podfile.lock. Run 'pod install' or update your CocoaPods installation.\" >&2\n    exit 1\nfi\n# This output is used by Xcode 'outputs' to avoid re-running this script phase.\necho \"SUCCESS\" > \"${SCRIPT_OUTPUT_FILE_0}\"\n";
			showEnvVarsInLog = 0;
		};
/* End PBXShellScriptBuildPhase section */

/* Begin PBXSourcesBuildPhase section */
		A117B9E323255F1700D285FB /* Sources */ = {
			isa = PBXSourcesBuildPhase;
			buildActionMask = 2147483647;
			files = (
				A1191AE4234716A7007542C2 /* SDLocation.mm in Sources */,
				A1807C4B23641D0E0079F25B /* SDStaticTableCellData.m in Sources */,
				A117B9FA23255F1900D285FB /* main.m in Sources */,
				A117BA73232577F300D285FB /* UINavigationController+KMNavigationBarTransition.m in Sources */,
				A16E70462354CBF100E5DB64 /* SDCategoryViewController.m in Sources */,
				A1BF46C22358E15A00370D21 /* SDAddItemPresenter.m in Sources */,
				A16E704F2354CFB500E5DB64 /* SDReportViewController.m in Sources */,
				A16E70622354D47700E5DB64 /* SDTabViewController.m in Sources */,
				A112CA25236436D70006ACAC /* UITableViewCell+SDStaticDataBinding.m in Sources */,
				A1807C4E23641D270079F25B /* SDStaticTableSectionData.m in Sources */,
				A11060E9232759BF003F500D /* SDWebViewController.m in Sources */,
				A117B9EC23255F1700D285FB /* AppDelegate.m in Sources */,
				A1CCF20A236E748B00E3F6D1 /* SDRoomService.mm in Sources */,
				A16E70572354D20800E5DB64 /* SDMoreViewController.m in Sources */,
				A16E70522354CFF100E5DB64 /* SDCategoryDetailViewController.m in Sources */,
				A1377146233EB77600263482 /* SDThemePurple.m in Sources */,
				A1377143233EB76300263482 /* SDThemeRed.m in Sources */,
				A16E70652354D49600E5DB64 /* SDTabBarItem.m in Sources */,
				A137713D233EB61600263482 /* SDThemeGreen.m in Sources */,
				A16E704C2354CE9900E5DB64 /* SDAddItemViewController.m in Sources */,
				A117BA72232577F300D285FB /* UINavigationBar+KMNavigationBarTransition.m in Sources */,
				A16E705A2354D21F00E5DB64 /* SDThemeViewController.m in Sources */,
				A117BA6F232577F300D285FB /* UIViewController+KMNavigationBarTransition.m in Sources */,
				A17E2FEF236BCFD500F16570 /* SDAddress.mm in Sources */,
				A117BA75232577F300D285FB /* NSObject+KMNavigationBarTransition.m in Sources */,
				A16E70492354CCF600E5DB64 /* SDListViewController.m in Sources */,
				A1F0A27D23FD6D8B00EB9BA4 /* SDBillListEmptyView.m in Sources */,
				A1377149233EBCCF00263482 /* SDThemeDefault.m in Sources */,
				A1491481233E07BF003F40F3 /* SDThemeManager.m in Sources */,
				A117BA71232577F300D285FB /* KMWeakObjectContainer.m in Sources */,
				A166437623BAD5CE00FE4135 /* SDLocationService.mm in Sources */,
				A117BA862326A57900D285FB /* QMUIConfigurationTemplate.m in Sources */,
				A1CCF20D236E906600E3F6D1 /* SDAddressService.mm in Sources */,
				A16E705E2354D25100E5DB64 /* SDAboutViewController.m in Sources */,
				A112CA2823643F3E0006ACAC /* SDThemeTableViewCell.m in Sources */,
				A117BA8B2326A7C700D285FB /* SDUtil.m in Sources */,
				A137714C233ECCE200263482 /* SDTimeCenter.m in Sources */,
				A117BA7D23267A2900D285FB /* SDBaseViewController.m in Sources */,
				A1996362236AFF06004392EF /* SDRoom.mm in Sources */,
				A16AFCEF235E4D950031511F /* SDAppContext.mm in Sources */,
				A117BA74232577F300D285FB /* KMSwizzle.m in Sources */,
				A1377155233F6F1800263482 /* SDDBManager.mm in Sources */,
				A1377140233EB75600263482 /* SDThemeBlue.m in Sources */,
				A137715B23405DC100263482 /* SDCategory.mm in Sources */,
				A117BA70232577F300D285FB /* UIScrollView+KMNavigationBarTransition.m in Sources */,
				A1191AEA23472002007542C2 /* SDItem.mm in Sources */,
				A14A746D23472F2A00DF2795 /* SDItemService.mm in Sources */,
				A1377158234031CB00263482 /* SDCategoryService.mm in Sources */,
				A11060E623275650003F500D /* SDNaviController.m in Sources */,
			);
			runOnlyForDeploymentPostprocessing = 0;
		};
/* End PBXSourcesBuildPhase section */

/* Begin PBXVariantGroup section */
		A117B9F523255F1900D285FB /* LaunchScreen.storyboard */ = {
			isa = PBXVariantGroup;
			children = (
				A117B9F623255F1900D285FB /* Base */,
			);
			name = LaunchScreen.storyboard;
			sourceTree = "<group>";
		};
/* End PBXVariantGroup section */

/* Begin XCBuildConfiguration section */
		A117B9FB23255F1900D285FB /* Debug */ = {
			isa = XCBuildConfiguration;
			buildSettings = {
				ALWAYS_SEARCH_USER_PATHS = NO;
				CLANG_ANALYZER_NONNULL = YES;
				CLANG_ANALYZER_NUMBER_OBJECT_CONVERSION = YES_AGGRESSIVE;
				CLANG_CXX_LANGUAGE_STANDARD = "gnu++14";
				CLANG_CXX_LIBRARY = "libc++";
				CLANG_ENABLE_MODULES = YES;
				CLANG_ENABLE_OBJC_ARC = YES;
				CLANG_ENABLE_OBJC_WEAK = YES;
				CLANG_WARN_BLOCK_CAPTURE_AUTORELEASING = YES;
				CLANG_WARN_BOOL_CONVERSION = YES;
				CLANG_WARN_COMMA = YES;
				CLANG_WARN_CONSTANT_CONVERSION = YES;
				CLANG_WARN_DEPRECATED_OBJC_IMPLEMENTATIONS = YES;
				CLANG_WARN_DIRECT_OBJC_ISA_USAGE = YES_ERROR;
				CLANG_WARN_DOCUMENTATION_COMMENTS = NO;
				CLANG_WARN_EMPTY_BODY = YES;
				CLANG_WARN_ENUM_CONVERSION = YES;
				CLANG_WARN_INFINITE_RECURSION = YES;
				CLANG_WARN_INT_CONVERSION = YES;
				CLANG_WARN_NON_LITERAL_NULL_CONVERSION = YES;
				CLANG_WARN_OBJC_IMPLICIT_RETAIN_SELF = YES;
				CLANG_WARN_OBJC_LITERAL_CONVERSION = YES;
				CLANG_WARN_OBJC_ROOT_CLASS = YES_ERROR;
				CLANG_WARN_RANGE_LOOP_ANALYSIS = YES;
				CLANG_WARN_STRICT_PROTOTYPES = YES;
				CLANG_WARN_SUSPICIOUS_MOVE = YES;
				CLANG_WARN_UNGUARDED_AVAILABILITY = YES_AGGRESSIVE;
				CLANG_WARN_UNREACHABLE_CODE = YES;
				CLANG_WARN__DUPLICATE_METHOD_MATCH = YES;
				CODE_SIGN_IDENTITY = "iPhone Developer";
				COPY_PHASE_STRIP = NO;
				DEBUG_INFORMATION_FORMAT = dwarf;
				ENABLE_STRICT_OBJC_MSGSEND = YES;
				ENABLE_TESTABILITY = YES;
				GCC_C_LANGUAGE_STANDARD = gnu11;
				GCC_DYNAMIC_NO_PIC = NO;
				GCC_NO_COMMON_BLOCKS = YES;
				GCC_OPTIMIZATION_LEVEL = 0;
				GCC_PREPROCESSOR_DEFINITIONS = (
					"DEBUG=1",
					"$(inherited)",
				);
				GCC_WARN_64_TO_32_BIT_CONVERSION = YES;
				GCC_WARN_ABOUT_RETURN_TYPE = YES_ERROR;
				GCC_WARN_UNDECLARED_SELECTOR = YES;
				GCC_WARN_UNINITIALIZED_AUTOS = YES_AGGRESSIVE;
				GCC_WARN_UNUSED_FUNCTION = YES;
				GCC_WARN_UNUSED_VARIABLE = YES;
				IPHONEOS_DEPLOYMENT_TARGET = 8.0;
				MTL_ENABLE_DEBUG_INFO = INCLUDE_SOURCE;
				MTL_FAST_MATH = YES;
				ONLY_ACTIVE_ARCH = YES;
				SDKROOT = iphoneos;
			};
			name = Debug;
		};
		A117B9FC23255F1900D285FB /* Release */ = {
			isa = XCBuildConfiguration;
			buildSettings = {
				ALWAYS_SEARCH_USER_PATHS = NO;
				CLANG_ANALYZER_NONNULL = YES;
				CLANG_ANALYZER_NUMBER_OBJECT_CONVERSION = YES_AGGRESSIVE;
				CLANG_CXX_LANGUAGE_STANDARD = "gnu++14";
				CLANG_CXX_LIBRARY = "libc++";
				CLANG_ENABLE_MODULES = YES;
				CLANG_ENABLE_OBJC_ARC = YES;
				CLANG_ENABLE_OBJC_WEAK = YES;
				CLANG_WARN_BLOCK_CAPTURE_AUTORELEASING = YES;
				CLANG_WARN_BOOL_CONVERSION = YES;
				CLANG_WARN_COMMA = YES;
				CLANG_WARN_CONSTANT_CONVERSION = YES;
				CLANG_WARN_DEPRECATED_OBJC_IMPLEMENTATIONS = YES;
				CLANG_WARN_DIRECT_OBJC_ISA_USAGE = YES_ERROR;
				CLANG_WARN_DOCUMENTATION_COMMENTS = NO;
				CLANG_WARN_EMPTY_BODY = YES;
				CLANG_WARN_ENUM_CONVERSION = YES;
				CLANG_WARN_INFINITE_RECURSION = YES;
				CLANG_WARN_INT_CONVERSION = YES;
				CLANG_WARN_NON_LITERAL_NULL_CONVERSION = YES;
				CLANG_WARN_OBJC_IMPLICIT_RETAIN_SELF = YES;
				CLANG_WARN_OBJC_LITERAL_CONVERSION = YES;
				CLANG_WARN_OBJC_ROOT_CLASS = YES_ERROR;
				CLANG_WARN_RANGE_LOOP_ANALYSIS = YES;
				CLANG_WARN_STRICT_PROTOTYPES = YES;
				CLANG_WARN_SUSPICIOUS_MOVE = YES;
				CLANG_WARN_UNGUARDED_AVAILABILITY = YES_AGGRESSIVE;
				CLANG_WARN_UNREACHABLE_CODE = YES;
				CLANG_WARN__DUPLICATE_METHOD_MATCH = YES;
				CODE_SIGN_IDENTITY = "iPhone Developer";
				COPY_PHASE_STRIP = NO;
				DEBUG_INFORMATION_FORMAT = "dwarf-with-dsym";
				ENABLE_NS_ASSERTIONS = NO;
				ENABLE_STRICT_OBJC_MSGSEND = YES;
				GCC_C_LANGUAGE_STANDARD = gnu11;
				GCC_NO_COMMON_BLOCKS = YES;
				GCC_WARN_64_TO_32_BIT_CONVERSION = YES;
				GCC_WARN_ABOUT_RETURN_TYPE = YES_ERROR;
				GCC_WARN_UNDECLARED_SELECTOR = YES;
				GCC_WARN_UNINITIALIZED_AUTOS = YES_AGGRESSIVE;
				GCC_WARN_UNUSED_FUNCTION = YES;
				GCC_WARN_UNUSED_VARIABLE = YES;
				IPHONEOS_DEPLOYMENT_TARGET = 8.0;
				MTL_ENABLE_DEBUG_INFO = NO;
				MTL_FAST_MATH = YES;
				SDKROOT = iphoneos;
				VALIDATE_PRODUCT = YES;
			};
			name = Release;
		};
		A117B9FE23255F1900D285FB /* Debug */ = {
			isa = XCBuildConfiguration;
			baseConfigurationReference = 2D8E38C7F8D245C4B0C5FEBA /* Pods-SDaccount.debug.xcconfig */;
			buildSettings = {
				ASSETCATALOG_COMPILER_APPICON_NAME = AppIcon;
				CODE_SIGN_ENTITLEMENTS = "SDaccount/Supporting Files/SDaccount.entitlements";
				CODE_SIGN_IDENTITY = "Apple Development";
				CODE_SIGN_STYLE = Automatic;
				CURRENT_PROJECT_VERSION = 191029_1143;
				DEVELOPMENT_TEAM = C4X35KSX5P;
				GCC_PREFIX_HEADER = SDaccount/Common/PrefixHeader.pch;
				INFOPLIST_FILE = "SDaccount/Supporting Files/Info.plist";
				LD_RUNPATH_SEARCH_PATHS = (
					"$(inherited)",
					"@executable_path/Frameworks",
				);
				PRODUCT_BUNDLE_IDENTIFIER = com.github.PacmanSun.SDaccount;
				PRODUCT_NAME = SDaccount;
				PROVISIONING_PROFILE_SPECIFIER = "";
				TARGETED_DEVICE_FAMILY = 1;
			};
			name = Debug;
		};
		A117B9FF23255F1900D285FB /* Release */ = {
			isa = XCBuildConfiguration;
			baseConfigurationReference = 2B89C74C3ADA1440718224A9 /* Pods-SDaccount.release.xcconfig */;
			buildSettings = {
				ASSETCATALOG_COMPILER_APPICON_NAME = AppIcon;
				CODE_SIGN_ENTITLEMENTS = "SDaccount/Supporting Files/SDaccount.entitlements";
				CODE_SIGN_IDENTITY = "Apple Development";
				CODE_SIGN_STYLE = Automatic;
				CURRENT_PROJECT_VERSION = 191029_1143;
				DEVELOPMENT_TEAM = C4X35KSX5P;
				GCC_PREFIX_HEADER = SDaccount/Common/PrefixHeader.pch;
				INFOPLIST_FILE = "SDaccount/Supporting Files/Info.plist";
				LD_RUNPATH_SEARCH_PATHS = (
					"$(inherited)",
					"@executable_path/Frameworks",
				);
				PRODUCT_BUNDLE_IDENTIFIER = com.github.PacmanSun.SDaccount;
				PRODUCT_NAME = SDaccount;
				PROVISIONING_PROFILE_SPECIFIER = "";
				TARGETED_DEVICE_FAMILY = 1;
			};
			name = Release;
		};
/* End XCBuildConfiguration section */

/* Begin XCConfigurationList section */
		A117B9E223255F1700D285FB /* Build configuration list for PBXProject "SDaccount" */ = {
			isa = XCConfigurationList;
			buildConfigurations = (
				A117B9FB23255F1900D285FB /* Debug */,
				A117B9FC23255F1900D285FB /* Release */,
			);
			defaultConfigurationIsVisible = 0;
			defaultConfigurationName = Debug;
		};
		A117B9FD23255F1900D285FB /* Build configuration list for PBXNativeTarget "SDaccount" */ = {
			isa = XCConfigurationList;
			buildConfigurations = (
				A117B9FE23255F1900D285FB /* Debug */,
				A117B9FF23255F1900D285FB /* Release */,
			);
			defaultConfigurationIsVisible = 0;
			defaultConfigurationName = Debug;
		};
/* End XCConfigurationList section */
	};
	rootObject = A117B9DF23255F1700D285FB /* Project object */;
}
